// !$*UTF8*$!
{
	archiveVersion = 1;
	classes = {
	};
	objectVersion = 51;
	objects = {

/* Begin PBXBuildFile section */
		C014619F20BE6BD20023EEB6 /* AppDelegate.swift in Sources */ = {isa = PBXBuildFile; fileRef = C014619E20BE6BD20023EEB6 /* AppDelegate.swift */; };
		C01461A420BE6BD20023EEB6 /* Main.storyboard in Resources */ = {isa = PBXBuildFile; fileRef = C01461A220BE6BD20023EEB6 /* Main.storyboard */; };
		C01461A620BE6BD30023EEB6 /* Assets.xcassets in Resources */ = {isa = PBXBuildFile; fileRef = C01461A520BE6BD30023EEB6 /* Assets.xcassets */; };
		C01461A920BE6BD30023EEB6 /* LaunchScreen.storyboard in Resources */ = {isa = PBXBuildFile; fileRef = C01461A720BE6BD30023EEB6 /* LaunchScreen.storyboard */; };
		C0196E94261BFA6E007D936C /* AlertAdCountdownControlller.swift in Sources */ = {isa = PBXBuildFile; fileRef = C0196E93261BFA6E007D936C /* AlertAdCountdownControlller.swift */; };
		C0196E99261C0DAB007D936C /* GoogleRewardAdManager.swift in Sources */ = {isa = PBXBuildFile; fileRef = C0196E98261C0DAB007D936C /* GoogleRewardAdManager.swift */; };
		C01BC5BA26A6A15F00FA0636 /* MastermindEvaluatorTests.swift in Sources */ = {isa = PBXBuildFile; fileRef = C01BC5B926A6A15F00FA0636 /* MastermindEvaluatorTests.swift */; };
		C01BC5BC26A6B65A00FA0636 /* MastermindEvaluator.swift in Sources */ = {isa = PBXBuildFile; fileRef = C01BC5BB26A6B65A00FA0636 /* MastermindEvaluator.swift */; };
		C0259F07234AC72B00FE1F6A /* BannerAdTabBarViewController.swift in Sources */ = {isa = PBXBuildFile; fileRef = C0259F06234AC72B00FE1F6A /* BannerAdTabBarViewController.swift */; };
		C0259F09234AC7F000FE1F6A /* AdControl.swift in Sources */ = {isa = PBXBuildFile; fileRef = C0259F08234AC7F000FE1F6A /* AdControl.swift */; };
		C0259F0B234AD5C500FE1F6A /* GuessNumberViewController.swift in Sources */ = {isa = PBXBuildFile; fileRef = C0259F0A234AD5C500FE1F6A /* GuessNumberViewController.swift */; };
		C02B46DE20BF8BCA0097197F /* WinViewController.swift in Sources */ = {isa = PBXBuildFile; fileRef = C02B46DD20BF8BCA0097197F /* WinViewController.swift */; };
		C02C655B20FD849A0062FFE8 /* LoseViewController.swift in Sources */ = {isa = PBXBuildFile; fileRef = C02C655A20FD849A0062FFE8 /* LoseViewController.swift */; };
		C032E6FD266B7134002B8D02 /* HelperButtonTests.swift in Sources */ = {isa = PBXBuildFile; fileRef = C032E6FC266B7134002B8D02 /* HelperButtonTests.swift */; };
		C032E6FE266B7231002B8D02 /* HelperButton.swift in Sources */ = {isa = PBXBuildFile; fileRef = C08F2FB12332168000320990 /* HelperButton.swift */; };
		C033873C2100200A00DF4969 /* InstructionViewController.swift in Sources */ = {isa = PBXBuildFile; fileRef = C033873B2100200A00DF4969 /* InstructionViewController.swift */; };
		C0362D0D268C169200E6299B /* AppDelegateTests.swift in Sources */ = {isa = PBXBuildFile; fileRef = C0362D0C268C169200E6299B /* AppDelegateTests.swift */; };
		C03AF2D1232E33AB0032F9DA /* GuessPadViewController.swift in Sources */ = {isa = PBXBuildFile; fileRef = C03AF2D0232E33AB0032F9DA /* GuessPadViewController.swift */; };
		C03AF2D3232F1FAA0032F9DA /* KeyboardButton.swift in Sources */ = {isa = PBXBuildFile; fileRef = C03AF2D2232F1FAA0032F9DA /* KeyboardButton.swift */; };
		C03AF2D6233121210032F9DA /* AlertManager.swift in Sources */ = {isa = PBXBuildFile; fileRef = C03AF2D5233121210032F9DA /* AlertManager.swift */; };
		C03AF2D92331D7DB0032F9DA /* ModelAdvanced.xcdatamodeld in Sources */ = {isa = PBXBuildFile; fileRef = C03AF2D72331D7DB0032F9DA /* ModelAdvanced.xcdatamodeld */; };
		C05E6E5F2636AB8400CF87E0 /* .gitignore in Resources */ = {isa = PBXBuildFile; fileRef = C05E6E5E2636AB8400CF87E0 /* .gitignore */; };
		C0757601224A015E007A1F9E /* Model.xcdatamodeld in Sources */ = {isa = PBXBuildFile; fileRef = C07575FF224A015E007A1F9E /* Model.xcdatamodeld */; };
		C0757605224A14F7007A1F9E /* RankTableViewCell.swift in Sources */ = {isa = PBXBuildFile; fileRef = C0757604224A14F7007A1F9E /* RankTableViewCell.swift */; };
		C0757607224A1542007A1F9E /* RankViewController.swift in Sources */ = {isa = PBXBuildFile; fileRef = C0757606224A1542007A1F9E /* RankViewController.swift */; };
		C0757609224A1C32007A1F9E /* CoreDataManager.swift in Sources */ = {isa = PBXBuildFile; fileRef = C0757608224A1C32007A1F9E /* CoreDataManager.swift */; };
		C075760C224B0C81007A1F9E /* String+Localization.swift in Sources */ = {isa = PBXBuildFile; fileRef = C075760B224B0C81007A1F9E /* String+Localization.swift */; };
		C075760F224C7A7D007A1F9E /* Global.swift in Sources */ = {isa = PBXBuildFile; fileRef = C075760E224C7A7D007A1F9E /* Global.swift */; };
		C075762922535FAC007A1F9E /* AlertAdController.swift in Sources */ = {isa = PBXBuildFile; fileRef = C075762722535FAC007A1F9E /* AlertAdController.swift */; };
		C085BE6A2254974700320563 /* Constants.swift in Sources */ = {isa = PBXBuildFile; fileRef = C085BE692254974700320563 /* Constants.swift */; };
		C085BE6F2255127300320563 /* Notification+Name.swift in Sources */ = {isa = PBXBuildFile; fileRef = C085BE6E2255127300320563 /* Notification+Name.swift */; };
		C085BE77225701D000320563 /* SettingsTableViewController.swift in Sources */ = {isa = PBXBuildFile; fileRef = C085BE75225701D000320563 /* SettingsTableViewController.swift */; };
		C085BE78225701D000320563 /* QuestionsTableViewController.swift in Sources */ = {isa = PBXBuildFile; fileRef = C085BE76225701D000320563 /* QuestionsTableViewController.swift */; };
		C085BE7A2257566300320563 /* UIImageView+BugFix.swift in Sources */ = {isa = PBXBuildFile; fileRef = C085BE792257566300320563 /* UIImageView+BugFix.swift */; };
		C085BE7C2257566F00320563 /* CustomTransitionTabBarController.swift in Sources */ = {isa = PBXBuildFile; fileRef = C085BE7B2257566F00320563 /* CustomTransitionTabBarController.swift */; };
		C0A9E28F2333E29C007F45B9 /* InfoPlist.strings in Resources */ = {isa = PBXBuildFile; fileRef = C0A9E28D2333E29C007F45B9 /* InfoPlist.strings */; };
		C0A9E2922333E29C007F45B9 /* Localizable.strings in Resources */ = {isa = PBXBuildFile; fileRef = C0A9E2902333E29C007F45B9 /* Localizable.strings */; };
		C0A9E29B2333E3C3007F45B9 /* Localizable.stringsdict in Resources */ = {isa = PBXBuildFile; fileRef = C0A9E29D2333E3C3007F45B9 /* Localizable.stringsdict */; };
		C0CB93AB225C90F400278B08 /* Reachability.m in Sources */ = {isa = PBXBuildFile; fileRef = C0CB93A9225C90F400278B08 /* Reachability.m */; };
		C0D65EC92666208C0053CDAE /* GuessNumberViewControllerTests.swift in Sources */ = {isa = PBXBuildFile; fileRef = C0D65EC82666208C0053CDAE /* GuessNumberViewControllerTests.swift */; };
		C0ED625F225DF63500892A80 /* StoreKit.framework in Frameworks */ = {isa = PBXBuildFile; fileRef = C0ED625E225DF63500892A80 /* StoreKit.framework */; };
		C0ED6261225EC6C000892A80 /* IAPTableViewController.swift in Sources */ = {isa = PBXBuildFile; fileRef = C0ED6260225EC6C000892A80 /* IAPTableViewController.swift */; };
		C0ED626322602ACF00892A80 /* IAPTableViewCell.swift in Sources */ = {isa = PBXBuildFile; fileRef = C0ED626222602ACF00892A80 /* IAPTableViewCell.swift */; };
		C0ED62652260416300892A80 /* ErrorManager.swift in Sources */ = {isa = PBXBuildFile; fileRef = C0ED62642260416300892A80 /* ErrorManager.swift */; };
		C0ED626722608FFD00892A80 /* StoreObserver.swift in Sources */ = {isa = PBXBuildFile; fileRef = C0ED626622608FFD00892A80 /* StoreObserver.swift */; };
		C0ED626A22648B9700892A80 /* IAP.swift in Sources */ = {isa = PBXBuildFile; fileRef = C0ED626922648B9700892A80 /* IAP.swift */; };
		C0ED626D2265B00100892A80 /* AlertAdController.xib in Resources */ = {isa = PBXBuildFile; fileRef = C0ED626F2265B00100892A80 /* AlertAdController.xib */; };
		DF35789FEE4E03F7F56F3F0B /* Pods_My1A2BGame.framework in Frameworks */ = {isa = PBXBuildFile; fileRef = 6D7CCFCB7B09BDE27F8850A1 /* Pods_My1A2BGame.framework */; };
/* End PBXBuildFile section */

/* Begin PBXContainerItemProxy section */
		C04C9E1C268D864D002BBDDC /* PBXContainerItemProxy */ = {
			isa = PBXContainerItemProxy;
			containerPortal = C014619320BE6BD20023EEB6 /* Project object */;
			proxyType = 1;
			remoteGlobalIDString = C014619A20BE6BD20023EEB6;
			remoteInfo = My1A2BGame;
		};
		C07D1A6523BCDAEE00197857 /* PBXContainerItemProxy */ = {
			isa = PBXContainerItemProxy;
			containerPortal = C014619320BE6BD20023EEB6 /* Project object */;
			proxyType = 1;
			remoteGlobalIDString = C014619A20BE6BD20023EEB6;
			remoteInfo = My1A2BGame;
		};
/* End PBXContainerItemProxy section */

/* Begin PBXFileReference section */
		237A18DEBF209DB359C2F93C /* Pods-My1A2BGameUITests.release.xcconfig */ = {isa = PBXFileReference; includeInIndex = 1; lastKnownFileType = text.xcconfig; name = "Pods-My1A2BGameUITests.release.xcconfig"; path = "Pods/Target Support Files/Pods-My1A2BGameUITests/Pods-My1A2BGameUITests.release.xcconfig"; sourceTree = "<group>"; };
		6D7CCFCB7B09BDE27F8850A1 /* Pods_My1A2BGame.framework */ = {isa = PBXFileReference; explicitFileType = wrapper.framework; includeInIndex = 0; path = Pods_My1A2BGame.framework; sourceTree = BUILT_PRODUCTS_DIR; };
		7D0D5F088E656F4E268961C3 /* Pods_My1A2BGameUITests.framework */ = {isa = PBXFileReference; explicitFileType = wrapper.framework; includeInIndex = 0; path = Pods_My1A2BGameUITests.framework; sourceTree = BUILT_PRODUCTS_DIR; };
		9BF1E3E6EA4430D225BA48FA /* Pods-My1A2BGameUITests.debug.xcconfig */ = {isa = PBXFileReference; includeInIndex = 1; lastKnownFileType = text.xcconfig; name = "Pods-My1A2BGameUITests.debug.xcconfig"; path = "Pods/Target Support Files/Pods-My1A2BGameUITests/Pods-My1A2BGameUITests.debug.xcconfig"; sourceTree = "<group>"; };
		B56A471A41384F80BBF1F55C /* Pods-My1A2BGame.debug.xcconfig */ = {isa = PBXFileReference; includeInIndex = 1; lastKnownFileType = text.xcconfig; name = "Pods-My1A2BGame.debug.xcconfig"; path = "Pods/Target Support Files/Pods-My1A2BGame/Pods-My1A2BGame.debug.xcconfig"; sourceTree = "<group>"; };
		C014619B20BE6BD20023EEB6 /* My1A2BGame.app */ = {isa = PBXFileReference; explicitFileType = wrapper.application; includeInIndex = 0; path = My1A2BGame.app; sourceTree = BUILT_PRODUCTS_DIR; };
		C014619E20BE6BD20023EEB6 /* AppDelegate.swift */ = {isa = PBXFileReference; lastKnownFileType = sourcecode.swift; path = AppDelegate.swift; sourceTree = "<group>"; };
		C01461A320BE6BD20023EEB6 /* Base */ = {isa = PBXFileReference; lastKnownFileType = file.storyboard; name = Base; path = Base.lproj/Main.storyboard; sourceTree = "<group>"; };
		C01461A520BE6BD30023EEB6 /* Assets.xcassets */ = {isa = PBXFileReference; lastKnownFileType = folder.assetcatalog; path = Assets.xcassets; sourceTree = "<group>"; };
		C01461A820BE6BD30023EEB6 /* Base */ = {isa = PBXFileReference; lastKnownFileType = file.storyboard; name = Base; path = Base.lproj/LaunchScreen.storyboard; sourceTree = "<group>"; };
		C016F32F22FEB0B900918B8D /* Info.plist */ = {isa = PBXFileReference; fileEncoding = 4; lastKnownFileType = text.plist.xml; path = Info.plist; sourceTree = "<group>"; };
		C0196E93261BFA6E007D936C /* AlertAdCountdownControlller.swift */ = {isa = PBXFileReference; lastKnownFileType = sourcecode.swift; path = AlertAdCountdownControlller.swift; sourceTree = "<group>"; };
		C0196E98261C0DAB007D936C /* GoogleRewardAdManager.swift */ = {isa = PBXFileReference; lastKnownFileType = sourcecode.swift; path = GoogleRewardAdManager.swift; sourceTree = "<group>"; };
		C01BC5B926A6A15F00FA0636 /* MastermindEvaluatorTests.swift */ = {isa = PBXFileReference; lastKnownFileType = sourcecode.swift; path = MastermindEvaluatorTests.swift; sourceTree = "<group>"; };
		C01BC5BB26A6B65A00FA0636 /* MastermindEvaluator.swift */ = {isa = PBXFileReference; lastKnownFileType = sourcecode.swift; path = MastermindEvaluator.swift; sourceTree = "<group>"; };
		C0259F06234AC72B00FE1F6A /* BannerAdTabBarViewController.swift */ = {isa = PBXFileReference; fileEncoding = 4; lastKnownFileType = sourcecode.swift; path = BannerAdTabBarViewController.swift; sourceTree = "<group>"; };
		C0259F08234AC7F000FE1F6A /* AdControl.swift */ = {isa = PBXFileReference; fileEncoding = 4; lastKnownFileType = sourcecode.swift; path = AdControl.swift; sourceTree = "<group>"; };
		C0259F0A234AD5C500FE1F6A /* GuessNumberViewController.swift */ = {isa = PBXFileReference; lastKnownFileType = sourcecode.swift; path = GuessNumberViewController.swift; sourceTree = "<group>"; };
		C02B46DD20BF8BCA0097197F /* WinViewController.swift */ = {isa = PBXFileReference; lastKnownFileType = sourcecode.swift; path = WinViewController.swift; sourceTree = "<group>"; };
		C02C655A20FD849A0062FFE8 /* LoseViewController.swift */ = {isa = PBXFileReference; lastKnownFileType = sourcecode.swift; path = LoseViewController.swift; sourceTree = "<group>"; };
		C032E6FC266B7134002B8D02 /* HelperButtonTests.swift */ = {isa = PBXFileReference; lastKnownFileType = sourcecode.swift; path = HelperButtonTests.swift; sourceTree = "<group>"; };
		C033873B2100200A00DF4969 /* InstructionViewController.swift */ = {isa = PBXFileReference; lastKnownFileType = sourcecode.swift; path = InstructionViewController.swift; sourceTree = "<group>"; };
		C0362D0C268C169200E6299B /* AppDelegateTests.swift */ = {isa = PBXFileReference; lastKnownFileType = sourcecode.swift; path = AppDelegateTests.swift; sourceTree = "<group>"; };
		C03AF2D0232E33AB0032F9DA /* GuessPadViewController.swift */ = {isa = PBXFileReference; lastKnownFileType = sourcecode.swift; path = GuessPadViewController.swift; sourceTree = "<group>"; };
		C03AF2D2232F1FAA0032F9DA /* KeyboardButton.swift */ = {isa = PBXFileReference; lastKnownFileType = sourcecode.swift; path = KeyboardButton.swift; sourceTree = "<group>"; };
		C03AF2D5233121210032F9DA /* AlertManager.swift */ = {isa = PBXFileReference; fileEncoding = 4; lastKnownFileType = sourcecode.swift; path = AlertManager.swift; sourceTree = "<group>"; };
		C03AF2D82331D7DB0032F9DA /* ModelAdvanced.xcdatamodel */ = {isa = PBXFileReference; lastKnownFileType = wrapper.xcdatamodel; path = ModelAdvanced.xcdatamodel; sourceTree = "<group>"; };
		C04C9E17268D864D002BBDDC /* My1A2BGameUITests.xctest */ = {isa = PBXFileReference; explicitFileType = wrapper.cfbundle; includeInIndex = 0; path = My1A2BGameUITests.xctest; sourceTree = BUILT_PRODUCTS_DIR; };
		C05E6E5E2636AB8400CF87E0 /* .gitignore */ = {isa = PBXFileReference; lastKnownFileType = text; path = .gitignore; sourceTree = "<group>"; };
		C0757600224A015E007A1F9E /* Model.xcdatamodel */ = {isa = PBXFileReference; lastKnownFileType = wrapper.xcdatamodel; path = Model.xcdatamodel; sourceTree = "<group>"; };
		C0757604224A14F7007A1F9E /* RankTableViewCell.swift */ = {isa = PBXFileReference; lastKnownFileType = sourcecode.swift; path = RankTableViewCell.swift; sourceTree = "<group>"; };
		C0757606224A1542007A1F9E /* RankViewController.swift */ = {isa = PBXFileReference; lastKnownFileType = sourcecode.swift; path = RankViewController.swift; sourceTree = "<group>"; };
		C0757608224A1C32007A1F9E /* CoreDataManager.swift */ = {isa = PBXFileReference; fileEncoding = 4; lastKnownFileType = sourcecode.swift; path = CoreDataManager.swift; sourceTree = "<group>"; };
		C075760B224B0C81007A1F9E /* String+Localization.swift */ = {isa = PBXFileReference; fileEncoding = 4; lastKnownFileType = sourcecode.swift; path = "String+Localization.swift"; sourceTree = "<group>"; };
		C075760E224C7A7D007A1F9E /* Global.swift */ = {isa = PBXFileReference; lastKnownFileType = sourcecode.swift; path = Global.swift; sourceTree = "<group>"; };
		C075762722535FAC007A1F9E /* AlertAdController.swift */ = {isa = PBXFileReference; fileEncoding = 4; lastKnownFileType = sourcecode.swift; path = AlertAdController.swift; sourceTree = "<group>"; };
		C07D1A6023BCDAEE00197857 /* My1A2BGameTests.xctest */ = {isa = PBXFileReference; explicitFileType = wrapper.cfbundle; includeInIndex = 0; path = My1A2BGameTests.xctest; sourceTree = BUILT_PRODUCTS_DIR; };
		C07D1A6423BCDAEE00197857 /* Info.plist */ = {isa = PBXFileReference; lastKnownFileType = text.plist.xml; path = Info.plist; sourceTree = "<group>"; };
		C085BE692254974700320563 /* Constants.swift */ = {isa = PBXFileReference; lastKnownFileType = sourcecode.swift; path = Constants.swift; sourceTree = "<group>"; };
		C085BE6E2255127300320563 /* Notification+Name.swift */ = {isa = PBXFileReference; lastKnownFileType = sourcecode.swift; path = "Notification+Name.swift"; sourceTree = "<group>"; };
		C085BE75225701D000320563 /* SettingsTableViewController.swift */ = {isa = PBXFileReference; fileEncoding = 4; lastKnownFileType = sourcecode.swift; path = SettingsTableViewController.swift; sourceTree = "<group>"; };
		C085BE76225701D000320563 /* QuestionsTableViewController.swift */ = {isa = PBXFileReference; fileEncoding = 4; lastKnownFileType = sourcecode.swift; path = QuestionsTableViewController.swift; sourceTree = "<group>"; };
		C085BE792257566300320563 /* UIImageView+BugFix.swift */ = {isa = PBXFileReference; fileEncoding = 4; lastKnownFileType = sourcecode.swift; path = "UIImageView+BugFix.swift"; sourceTree = "<group>"; };
		C085BE7B2257566F00320563 /* CustomTransitionTabBarController.swift */ = {isa = PBXFileReference; fileEncoding = 4; lastKnownFileType = sourcecode.swift; path = CustomTransitionTabBarController.swift; sourceTree = "<group>"; };
		C08F2FB12332168000320990 /* HelperButton.swift */ = {isa = PBXFileReference; lastKnownFileType = sourcecode.swift; path = HelperButton.swift; sourceTree = "<group>"; };
		C0A9E28C2333E289007F45B9 /* en */ = {isa = PBXFileReference; lastKnownFileType = text.plist.strings; name = en; path = en.lproj/Main.strings; sourceTree = "<group>"; };
		C0A9E28E2333E29C007F45B9 /* zh-Hant */ = {isa = PBXFileReference; lastKnownFileType = text.plist.strings; name = "zh-Hant"; path = "zh-Hant.lproj/InfoPlist.strings"; sourceTree = "<group>"; };
		C0A9E2912333E29C007F45B9 /* zh-Hant */ = {isa = PBXFileReference; lastKnownFileType = text.plist.strings; name = "zh-Hant"; path = "zh-Hant.lproj/Localizable.strings"; sourceTree = "<group>"; };
		C0A9E2932333E29C007F45B9 /* zh-Hant */ = {isa = PBXFileReference; lastKnownFileType = text.plist.strings; name = "zh-Hant"; path = "zh-Hant.lproj/AlertAdController.strings"; sourceTree = "<group>"; };
		C0A9E2942333E29C007F45B9 /* zh-Hant */ = {isa = PBXFileReference; lastKnownFileType = text.plist.strings; name = "zh-Hant"; path = "zh-Hant.lproj/Main.strings"; sourceTree = "<group>"; };
		C0A9E2952333E2AD007F45B9 /* zh-Hans */ = {isa = PBXFileReference; lastKnownFileType = text.plist.strings; name = "zh-Hans"; path = "zh-Hans.lproj/InfoPlist.strings"; sourceTree = "<group>"; };
		C0A9E2962333E2AD007F45B9 /* zh-Hans */ = {isa = PBXFileReference; lastKnownFileType = text.plist.strings; name = "zh-Hans"; path = "zh-Hans.lproj/Localizable.strings"; sourceTree = "<group>"; };
		C0A9E2972333E2AD007F45B9 /* zh-Hans */ = {isa = PBXFileReference; lastKnownFileType = text.plist.strings; name = "zh-Hans"; path = "zh-Hans.lproj/AlertAdController.strings"; sourceTree = "<group>"; };
		C0A9E2982333E2AD007F45B9 /* zh-Hans */ = {isa = PBXFileReference; lastKnownFileType = text.plist.strings; name = "zh-Hans"; path = "zh-Hans.lproj/Main.strings"; sourceTree = "<group>"; };
		C0A9E29C2333E3C3007F45B9 /* en */ = {isa = PBXFileReference; lastKnownFileType = text.plist.stringsdict; name = en; path = en.lproj/Localizable.stringsdict; sourceTree = "<group>"; };
		C0A9E29E2333E3CC007F45B9 /* zh-Hant */ = {isa = PBXFileReference; lastKnownFileType = text.plist.stringsdict; name = "zh-Hant"; path = "zh-Hant.lproj/Localizable.stringsdict"; sourceTree = "<group>"; };
		C0A9E29F2333E3CD007F45B9 /* zh-Hans */ = {isa = PBXFileReference; lastKnownFileType = text.plist.stringsdict; name = "zh-Hans"; path = "zh-Hans.lproj/Localizable.stringsdict"; sourceTree = "<group>"; };
		C0CB93A8225C90F300278B08 /* My1A2BGame-Bridging-Header.h */ = {isa = PBXFileReference; lastKnownFileType = sourcecode.c.h; path = "My1A2BGame-Bridging-Header.h"; sourceTree = "<group>"; };
		C0CB93A9225C90F400278B08 /* Reachability.m */ = {isa = PBXFileReference; fileEncoding = 4; lastKnownFileType = sourcecode.c.objc; path = Reachability.m; sourceTree = "<group>"; };
		C0CB93AA225C90F400278B08 /* Reachability.h */ = {isa = PBXFileReference; fileEncoding = 4; lastKnownFileType = sourcecode.c.h; path = Reachability.h; sourceTree = "<group>"; };
		C0D65EC82666208C0053CDAE /* GuessNumberViewControllerTests.swift */ = {isa = PBXFileReference; lastKnownFileType = sourcecode.swift; path = GuessNumberViewControllerTests.swift; sourceTree = "<group>"; };
		C0ED625E225DF63500892A80 /* StoreKit.framework */ = {isa = PBXFileReference; lastKnownFileType = wrapper.framework; name = StoreKit.framework; path = System/Library/Frameworks/StoreKit.framework; sourceTree = SDKROOT; };
		C0ED6260225EC6C000892A80 /* IAPTableViewController.swift */ = {isa = PBXFileReference; lastKnownFileType = sourcecode.swift; path = IAPTableViewController.swift; sourceTree = "<group>"; };
		C0ED626222602ACF00892A80 /* IAPTableViewCell.swift */ = {isa = PBXFileReference; lastKnownFileType = sourcecode.swift; path = IAPTableViewCell.swift; sourceTree = "<group>"; };
		C0ED62642260416300892A80 /* ErrorManager.swift */ = {isa = PBXFileReference; lastKnownFileType = sourcecode.swift; path = ErrorManager.swift; sourceTree = "<group>"; };
		C0ED626622608FFD00892A80 /* StoreObserver.swift */ = {isa = PBXFileReference; lastKnownFileType = sourcecode.swift; path = StoreObserver.swift; sourceTree = "<group>"; };
		C0ED626922648B9700892A80 /* IAP.swift */ = {isa = PBXFileReference; lastKnownFileType = sourcecode.swift; path = IAP.swift; sourceTree = "<group>"; };
		C0ED62772265B0FC00892A80 /* Base */ = {isa = PBXFileReference; lastKnownFileType = file.xib; name = Base; path = Base.lproj/AlertAdController.xib; sourceTree = "<group>"; };
		F67B031FF182F9535AC0E44F /* Pods-My1A2BGameTests.debug.xcconfig */ = {isa = PBXFileReference; includeInIndex = 1; lastKnownFileType = text.xcconfig; name = "Pods-My1A2BGameTests.debug.xcconfig"; path = "Pods/Target Support Files/Pods-My1A2BGameTests/Pods-My1A2BGameTests.debug.xcconfig"; sourceTree = "<group>"; };
		F9FAF4D352E36CA927CDC21C /* Pods-My1A2BGame.release.xcconfig */ = {isa = PBXFileReference; includeInIndex = 1; lastKnownFileType = text.xcconfig; name = "Pods-My1A2BGame.release.xcconfig"; path = "Pods/Target Support Files/Pods-My1A2BGame/Pods-My1A2BGame.release.xcconfig"; sourceTree = "<group>"; };
		FED992AD8D99E6385D411354 /* Pods-My1A2BGameTests.release.xcconfig */ = {isa = PBXFileReference; includeInIndex = 1; lastKnownFileType = text.xcconfig; name = "Pods-My1A2BGameTests.release.xcconfig"; path = "Pods/Target Support Files/Pods-My1A2BGameTests/Pods-My1A2BGameTests.release.xcconfig"; sourceTree = "<group>"; };
		FFAD157B0B00C01EB96E1762 /* Pods_My1A2BGameTests.framework */ = {isa = PBXFileReference; explicitFileType = wrapper.framework; includeInIndex = 0; path = Pods_My1A2BGameTests.framework; sourceTree = BUILT_PRODUCTS_DIR; };
/* End PBXFileReference section */

/* Begin PBXFrameworksBuildPhase section */
		C014619820BE6BD20023EEB6 /* Frameworks */ = {
			isa = PBXFrameworksBuildPhase;
			buildActionMask = 2147483647;
			files = (
				DF35789FEE4E03F7F56F3F0B /* Pods_My1A2BGame.framework in Frameworks */,
				C0ED625F225DF63500892A80 /* StoreKit.framework in Frameworks */,
			);
			runOnlyForDeploymentPostprocessing = 0;
		};
		C04C9E14268D864D002BBDDC /* Frameworks */ = {
			isa = PBXFrameworksBuildPhase;
			buildActionMask = 2147483647;
			files = (
			);
			runOnlyForDeploymentPostprocessing = 0;
		};
		C07D1A5D23BCDAEE00197857 /* Frameworks */ = {
			isa = PBXFrameworksBuildPhase;
			buildActionMask = 2147483647;
			files = (
			);
			runOnlyForDeploymentPostprocessing = 0;
		};
/* End PBXFrameworksBuildPhase section */

/* Begin PBXGroup section */
		9C196D9CBE09E93AFDAA4377 /* Pods */ = {
			isa = PBXGroup;
			children = (
				B56A471A41384F80BBF1F55C /* Pods-My1A2BGame.debug.xcconfig */,
				F9FAF4D352E36CA927CDC21C /* Pods-My1A2BGame.release.xcconfig */,
				F67B031FF182F9535AC0E44F /* Pods-My1A2BGameTests.debug.xcconfig */,
				FED992AD8D99E6385D411354 /* Pods-My1A2BGameTests.release.xcconfig */,
				9BF1E3E6EA4430D225BA48FA /* Pods-My1A2BGameUITests.debug.xcconfig */,
				237A18DEBF209DB359C2F93C /* Pods-My1A2BGameUITests.release.xcconfig */,
			);
			name = Pods;
			sourceTree = "<group>";
		};
		C014619220BE6BD20023EEB6 = {
			isa = PBXGroup;
			children = (
				C05E6E5E2636AB8400CF87E0 /* .gitignore */,
				C0A9E29D2333E3C3007F45B9 /* Localizable.stringsdict */,
				C014619D20BE6BD20023EEB6 /* My1A2BGame */,
				C07D1A6123BCDAEE00197857 /* My1A2BGameTests */,
				C014619C20BE6BD20023EEB6 /* Products */,
				9C196D9CBE09E93AFDAA4377 /* Pods */,
				C1ACF5BC0592EF53CC18CB7A /* Frameworks */,
			);
			sourceTree = "<group>";
		};
		C014619C20BE6BD20023EEB6 /* Products */ = {
			isa = PBXGroup;
			children = (
				C014619B20BE6BD20023EEB6 /* My1A2BGame.app */,
				C07D1A6023BCDAEE00197857 /* My1A2BGameTests.xctest */,
				C04C9E17268D864D002BBDDC /* My1A2BGameUITests.xctest */,
			);
			name = Products;
			sourceTree = "<group>";
		};
		C014619D20BE6BD20023EEB6 /* My1A2BGame */ = {
			isa = PBXGroup;
			children = (
				C0196E97261C0D97007D936C /* Services */,
				C03AF2D42331211B0032F9DA /* Manager */,
				C01461A220BE6BD20023EEB6 /* Main.storyboard */,
				C014619E20BE6BD20023EEB6 /* AppDelegate.swift */,
				C075760A224A1C35007A1F9E /* API */,
				C07575FD224A00FE007A1F9E /* Controller */,
				C01461A520BE6BD30023EEB6 /* Assets.xcassets */,
				C01461A720BE6BD30023EEB6 /* LaunchScreen.storyboard */,
				C0ED62682264364300892A80 /* IAP */,
				C075760D224B0C89007A1F9E /* Common */,
				C07575FF224A015E007A1F9E /* Model.xcdatamodeld */,
				C03AF2D72331D7DB0032F9DA /* ModelAdvanced.xcdatamodeld */,
				C016F32F22FEB0B900918B8D /* Info.plist */,
				C0A9E2902333E29C007F45B9 /* Localizable.strings */,
				C0A9E28D2333E29C007F45B9 /* InfoPlist.strings */,
			);
			path = My1A2BGame;
			sourceTree = "<group>";
		};
		C0196E97261C0D97007D936C /* Services */ = {
			isa = PBXGroup;
			children = (
				C0196E98261C0DAB007D936C /* GoogleRewardAdManager.swift */,
			);
			path = Services;
			sourceTree = "<group>";
		};
		C01BC5BD26A6B66200FA0636 /* API */ = {
			isa = PBXGroup;
			children = (
				C01BC5B926A6A15F00FA0636 /* MastermindEvaluatorTests.swift */,
			);
			path = API;
			sourceTree = "<group>";
		};
		C03AF2D42331211B0032F9DA /* Manager */ = {
			isa = PBXGroup;
			children = (
				C03AF2D5233121210032F9DA /* AlertManager.swift */,
			);
			path = Manager;
			sourceTree = "<group>";
		};
		C07575FD224A00FE007A1F9E /* Controller */ = {
			isa = PBXGroup;
			children = (
				C085BE74225701D000320563 /* Settings */,
				C0757612224CA5A0007A1F9E /* Game */,
				C0757613224CA5B2007A1F9E /* Rank */,
				C03AF2D0232E33AB0032F9DA /* GuessPadViewController.swift */,
				C03AF2D2232F1FAA0032F9DA /* KeyboardButton.swift */,
				C08F2FB12332168000320990 /* HelperButton.swift */,
				C0259F08234AC7F000FE1F6A /* AdControl.swift */,
				C0259F06234AC72B00FE1F6A /* BannerAdTabBarViewController.swift */,
				C075762722535FAC007A1F9E /* AlertAdController.swift */,
				C0196E93261BFA6E007D936C /* AlertAdCountdownControlller.swift */,
				C0ED626F2265B00100892A80 /* AlertAdController.xib */,
			);
			path = Controller;
			sourceTree = "<group>";
		};
		C075760A224A1C35007A1F9E /* API */ = {
			isa = PBXGroup;
			children = (
				C0757608224A1C32007A1F9E /* CoreDataManager.swift */,
				C01BC5BB26A6B65A00FA0636 /* MastermindEvaluator.swift */,
			);
			path = API;
			sourceTree = "<group>";
		};
		C075760D224B0C89007A1F9E /* Common */ = {
			isa = PBXGroup;
			children = (
				C085BE7B2257566F00320563 /* CustomTransitionTabBarController.swift */,
				C085BE792257566300320563 /* UIImageView+BugFix.swift */,
				C075760E224C7A7D007A1F9E /* Global.swift */,
				C085BE692254974700320563 /* Constants.swift */,
				C0ED62642260416300892A80 /* ErrorManager.swift */,
				C075760B224B0C81007A1F9E /* String+Localization.swift */,
				C085BE6E2255127300320563 /* Notification+Name.swift */,
				C0CB93AA225C90F400278B08 /* Reachability.h */,
				C0CB93A9225C90F400278B08 /* Reachability.m */,
				C0CB93A8225C90F300278B08 /* My1A2BGame-Bridging-Header.h */,
			);
			path = Common;
			sourceTree = "<group>";
		};
		C0757612224CA5A0007A1F9E /* Game */ = {
			isa = PBXGroup;
			children = (
				C0259F0A234AD5C500FE1F6A /* GuessNumberViewController.swift */,
				C02B46DD20BF8BCA0097197F /* WinViewController.swift */,
				C02C655A20FD849A0062FFE8 /* LoseViewController.swift */,
				C033873B2100200A00DF4969 /* InstructionViewController.swift */,
			);
			name = Game;
			sourceTree = "<group>";
		};
		C0757613224CA5B2007A1F9E /* Rank */ = {
			isa = PBXGroup;
			children = (
				C0757606224A1542007A1F9E /* RankViewController.swift */,
				C0757604224A14F7007A1F9E /* RankTableViewCell.swift */,
			);
			name = Rank;
			sourceTree = "<group>";
		};
		C07D1A6123BCDAEE00197857 /* My1A2BGameTests */ = {
			isa = PBXGroup;
			children = (
				C01BC5BD26A6B66200FA0636 /* API */,
				C0D65EC82666208C0053CDAE /* GuessNumberViewControllerTests.swift */,
				C0362D0C268C169200E6299B /* AppDelegateTests.swift */,
				C032E6FC266B7134002B8D02 /* HelperButtonTests.swift */,
				C07D1A6423BCDAEE00197857 /* Info.plist */,
			);
			path = My1A2BGameTests;
			sourceTree = "<group>";
		};
		C085BE74225701D000320563 /* Settings */ = {
			isa = PBXGroup;
			children = (
				C085BE75225701D000320563 /* SettingsTableViewController.swift */,
				C085BE76225701D000320563 /* QuestionsTableViewController.swift */,
				C0ED6260225EC6C000892A80 /* IAPTableViewController.swift */,
				C0ED626222602ACF00892A80 /* IAPTableViewCell.swift */,
			);
			path = Settings;
			sourceTree = "<group>";
		};
		C0ED62682264364300892A80 /* IAP */ = {
			isa = PBXGroup;
			children = (
				C0ED626622608FFD00892A80 /* StoreObserver.swift */,
				C0ED626922648B9700892A80 /* IAP.swift */,
			);
			path = IAP;
			sourceTree = "<group>";
		};
		C1ACF5BC0592EF53CC18CB7A /* Frameworks */ = {
			isa = PBXGroup;
			children = (
				C0ED625E225DF63500892A80 /* StoreKit.framework */,
				6D7CCFCB7B09BDE27F8850A1 /* Pods_My1A2BGame.framework */,
				FFAD157B0B00C01EB96E1762 /* Pods_My1A2BGameTests.framework */,
				7D0D5F088E656F4E268961C3 /* Pods_My1A2BGameUITests.framework */,
			);
			name = Frameworks;
			sourceTree = "<group>";
		};
/* End PBXGroup section */

/* Begin PBXNativeTarget section */
		C014619A20BE6BD20023EEB6 /* My1A2BGame */ = {
			isa = PBXNativeTarget;
			buildConfigurationList = C01461C320BE6BD30023EEB6 /* Build configuration list for PBXNativeTarget "My1A2BGame" */;
			buildPhases = (
				80B9F8DD66409876B3CD960E /* [CP] Check Pods Manifest.lock */,
				C014619720BE6BD20023EEB6 /* Sources */,
				C014619820BE6BD20023EEB6 /* Frameworks */,
				C014619920BE6BD20023EEB6 /* Resources */,
				3371D7BF2388708D19765D38 /* [CP] Embed Pods Frameworks */,
			);
			buildRules = (
			);
			dependencies = (
			);
			name = My1A2BGame;
			productName = My1A2BGame;
			productReference = C014619B20BE6BD20023EEB6 /* My1A2BGame.app */;
			productType = "com.apple.product-type.application";
		};
		C04C9E16268D864D002BBDDC /* My1A2BGameUITests */ = {
			isa = PBXNativeTarget;
			buildConfigurationList = C04C9E20268D864D002BBDDC /* Build configuration list for PBXNativeTarget "My1A2BGameUITests" */;
			buildPhases = (
				C04C9E13268D864D002BBDDC /* Sources */,
				C04C9E14268D864D002BBDDC /* Frameworks */,
				C04C9E15268D864D002BBDDC /* Resources */,
			);
			buildRules = (
			);
			dependencies = (
				C04C9E1D268D864D002BBDDC /* PBXTargetDependency */,
			);
			name = My1A2BGameUITests;
			productName = My1A2BGameUITests;
			productReference = C04C9E17268D864D002BBDDC /* My1A2BGameUITests.xctest */;
			productType = "com.apple.product-type.bundle.ui-testing";
		};
		C07D1A5F23BCDAEE00197857 /* My1A2BGameTests */ = {
			isa = PBXNativeTarget;
			buildConfigurationList = C07D1A6923BCDAEE00197857 /* Build configuration list for PBXNativeTarget "My1A2BGameTests" */;
			buildPhases = (
				C07D1A5C23BCDAEE00197857 /* Sources */,
				C07D1A5D23BCDAEE00197857 /* Frameworks */,
				C07D1A5E23BCDAEE00197857 /* Resources */,
			);
			buildRules = (
			);
			dependencies = (
				C07D1A6623BCDAEE00197857 /* PBXTargetDependency */,
			);
			name = My1A2BGameTests;
			productName = My1A2BGameTests;
			productReference = C07D1A6023BCDAEE00197857 /* My1A2BGameTests.xctest */;
			productType = "com.apple.product-type.bundle.unit-test";
		};
/* End PBXNativeTarget section */

/* Begin PBXProject section */
		C014619320BE6BD20023EEB6 /* Project object */ = {
			isa = PBXProject;
			attributes = {
				LastSwiftUpdateCheck = 1250;
				LastUpgradeCheck = 1250;
				ORGANIZATIONNAME = "Ming-Ta Yang";
				TargetAttributes = {
					C014619A20BE6BD20023EEB6 = {
						CreatedOnToolsVersion = 9.3.1;
						LastSwiftMigration = 1100;
						SystemCapabilities = {
							com.apple.InAppPurchase = {
								enabled = 1;
							};
						};
					};
					C04C9E16268D864D002BBDDC = {
						CreatedOnToolsVersion = 12.5;
						TestTargetID = C014619A20BE6BD20023EEB6;
					};
					C07D1A5F23BCDAEE00197857 = {
						CreatedOnToolsVersion = 11.2.1;
						TestTargetID = C014619A20BE6BD20023EEB6;
					};
				};
			};
			buildConfigurationList = C014619620BE6BD20023EEB6 /* Build configuration list for PBXProject "My1A2BGame" */;
			compatibilityVersion = "Xcode 9.3";
			developmentRegion = en;
			hasScannedForEncodings = 0;
			knownRegions = (
				Base,
				"zh-Hans",
				en,
				"zh-Hant",
			);
			mainGroup = C014619220BE6BD20023EEB6;
			productRefGroup = C014619C20BE6BD20023EEB6 /* Products */;
			projectDirPath = "";
			projectRoot = "";
			targets = (
				C014619A20BE6BD20023EEB6 /* My1A2BGame */,
				C07D1A5F23BCDAEE00197857 /* My1A2BGameTests */,
				C04C9E16268D864D002BBDDC /* My1A2BGameUITests */,
			);
		};
/* End PBXProject section */

/* Begin PBXResourcesBuildPhase section */
		C014619920BE6BD20023EEB6 /* Resources */ = {
			isa = PBXResourcesBuildPhase;
			buildActionMask = 2147483647;
			files = (
				C05E6E5F2636AB8400CF87E0 /* .gitignore in Resources */,
				C01461A920BE6BD30023EEB6 /* LaunchScreen.storyboard in Resources */,
				C0A9E2922333E29C007F45B9 /* Localizable.strings in Resources */,
				C0ED626D2265B00100892A80 /* AlertAdController.xib in Resources */,
				C01461A620BE6BD30023EEB6 /* Assets.xcassets in Resources */,
				C01461A420BE6BD20023EEB6 /* Main.storyboard in Resources */,
				C0A9E28F2333E29C007F45B9 /* InfoPlist.strings in Resources */,
				C0A9E29B2333E3C3007F45B9 /* Localizable.stringsdict in Resources */,
			);
			runOnlyForDeploymentPostprocessing = 0;
		};
		C04C9E15268D864D002BBDDC /* Resources */ = {
			isa = PBXResourcesBuildPhase;
			buildActionMask = 2147483647;
			files = (
			);
			runOnlyForDeploymentPostprocessing = 0;
		};
		C07D1A5E23BCDAEE00197857 /* Resources */ = {
			isa = PBXResourcesBuildPhase;
			buildActionMask = 2147483647;
			files = (
			);
			runOnlyForDeploymentPostprocessing = 0;
		};
/* End PBXResourcesBuildPhase section */

/* Begin PBXShellScriptBuildPhase section */
		3371D7BF2388708D19765D38 /* [CP] Embed Pods Frameworks */ = {
			isa = PBXShellScriptBuildPhase;
			buildActionMask = 2147483647;
			files = (
			);
			inputFileListPaths = (
				"${PODS_ROOT}/Target Support Files/Pods-My1A2BGame/Pods-My1A2BGame-frameworks-${CONFIGURATION}-input-files.xcfilelist",
			);
			name = "[CP] Embed Pods Frameworks";
			outputFileListPaths = (
				"${PODS_ROOT}/Target Support Files/Pods-My1A2BGame/Pods-My1A2BGame-frameworks-${CONFIGURATION}-output-files.xcfilelist",
			);
			runOnlyForDeploymentPostprocessing = 0;
			shellPath = /bin/sh;
			shellScript = "\"${PODS_ROOT}/Target Support Files/Pods-My1A2BGame/Pods-My1A2BGame-frameworks.sh\"\n";
			showEnvVarsInLog = 0;
		};
		80B9F8DD66409876B3CD960E /* [CP] Check Pods Manifest.lock */ = {
			isa = PBXShellScriptBuildPhase;
			buildActionMask = 2147483647;
			files = (
			);
			inputPaths = (
				"${PODS_PODFILE_DIR_PATH}/Podfile.lock",
				"${PODS_ROOT}/Manifest.lock",
			);
			name = "[CP] Check Pods Manifest.lock";
			outputPaths = (
				"$(DERIVED_FILE_DIR)/Pods-My1A2BGame-checkManifestLockResult.txt",
			);
			runOnlyForDeploymentPostprocessing = 0;
			shellPath = /bin/sh;
			shellScript = "diff \"${PODS_PODFILE_DIR_PATH}/Podfile.lock\" \"${PODS_ROOT}/Manifest.lock\" > /dev/null\nif [ $? != 0 ] ; then\n    # print error to STDERR\n    echo \"error: The sandbox is not in sync with the Podfile.lock. Run 'pod install' or update your CocoaPods installation.\" >&2\n    exit 1\nfi\n# This output is used by Xcode 'outputs' to avoid re-running this script phase.\necho \"SUCCESS\" > \"${SCRIPT_OUTPUT_FILE_0}\"\n";
			showEnvVarsInLog = 0;
		};
/* End PBXShellScriptBuildPhase section */

/* Begin PBXSourcesBuildPhase section */
		C014619720BE6BD20023EEB6 /* Sources */ = {
			isa = PBXSourcesBuildPhase;
			buildActionMask = 2147483647;
			files = (
				C085BE6F2255127300320563 /* Notification+Name.swift in Sources */,
				C0ED626722608FFD00892A80 /* StoreObserver.swift in Sources */,
				C0757607224A1542007A1F9E /* RankViewController.swift in Sources */,
				C075760C224B0C81007A1F9E /* String+Localization.swift in Sources */,
				C0757605224A14F7007A1F9E /* RankTableViewCell.swift in Sources */,
				C085BE77225701D000320563 /* SettingsTableViewController.swift in Sources */,
				C03AF2D92331D7DB0032F9DA /* ModelAdvanced.xcdatamodeld in Sources */,
				C01BC5BC26A6B65A00FA0636 /* MastermindEvaluator.swift in Sources */,
				C014619F20BE6BD20023EEB6 /* AppDelegate.swift in Sources */,
				C0757601224A015E007A1F9E /* Model.xcdatamodeld in Sources */,
				C085BE7C2257566F00320563 /* CustomTransitionTabBarController.swift in Sources */,
				C033873C2100200A00DF4969 /* InstructionViewController.swift in Sources */,
				C03AF2D6233121210032F9DA /* AlertManager.swift in Sources */,
				C085BE78225701D000320563 /* QuestionsTableViewController.swift in Sources */,
				C0ED62652260416300892A80 /* ErrorManager.swift in Sources */,
				C0ED626322602ACF00892A80 /* IAPTableViewCell.swift in Sources */,
				C03AF2D3232F1FAA0032F9DA /* KeyboardButton.swift in Sources */,
				C0CB93AB225C90F400278B08 /* Reachability.m in Sources */,
				C0ED626A22648B9700892A80 /* IAP.swift in Sources */,
				C075760F224C7A7D007A1F9E /* Global.swift in Sources */,
				C0196E99261C0DAB007D936C /* GoogleRewardAdManager.swift in Sources */,
				C0259F07234AC72B00FE1F6A /* BannerAdTabBarViewController.swift in Sources */,
				C02B46DE20BF8BCA0097197F /* WinViewController.swift in Sources */,
				C02C655B20FD849A0062FFE8 /* LoseViewController.swift in Sources */,
				C0757609224A1C32007A1F9E /* CoreDataManager.swift in Sources */,
				C075762922535FAC007A1F9E /* AlertAdController.swift in Sources */,
				C0259F09234AC7F000FE1F6A /* AdControl.swift in Sources */,
				C03AF2D1232E33AB0032F9DA /* GuessPadViewController.swift in Sources */,
				C085BE6A2254974700320563 /* Constants.swift in Sources */,
				C085BE7A2257566300320563 /* UIImageView+BugFix.swift in Sources */,
				C032E6FE266B7231002B8D02 /* HelperButton.swift in Sources */,
				C0ED6261225EC6C000892A80 /* IAPTableViewController.swift in Sources */,
				C0196E94261BFA6E007D936C /* AlertAdCountdownControlller.swift in Sources */,
				C0259F0B234AD5C500FE1F6A /* GuessNumberViewController.swift in Sources */,
			);
			runOnlyForDeploymentPostprocessing = 0;
		};
		C04C9E13268D864D002BBDDC /* Sources */ = {
			isa = PBXSourcesBuildPhase;
			buildActionMask = 2147483647;
			files = (
			);
			runOnlyForDeploymentPostprocessing = 0;
		};
		C07D1A5C23BCDAEE00197857 /* Sources */ = {
			isa = PBXSourcesBuildPhase;
			buildActionMask = 2147483647;
			files = (
				C0D65EC92666208C0053CDAE /* GuessNumberViewControllerTests.swift in Sources */,
				C0362D0D268C169200E6299B /* AppDelegateTests.swift in Sources */,
				C032E6FD266B7134002B8D02 /* HelperButtonTests.swift in Sources */,
				C01BC5BA26A6A15F00FA0636 /* MastermindEvaluatorTests.swift in Sources */,
			);
			runOnlyForDeploymentPostprocessing = 0;
		};
/* End PBXSourcesBuildPhase section */

/* Begin PBXTargetDependency section */
		C04C9E1D268D864D002BBDDC /* PBXTargetDependency */ = {
			isa = PBXTargetDependency;
			target = C014619A20BE6BD20023EEB6 /* My1A2BGame */;
			targetProxy = C04C9E1C268D864D002BBDDC /* PBXContainerItemProxy */;
		};
		C07D1A6623BCDAEE00197857 /* PBXTargetDependency */ = {
			isa = PBXTargetDependency;
			target = C014619A20BE6BD20023EEB6 /* My1A2BGame */;
			targetProxy = C07D1A6523BCDAEE00197857 /* PBXContainerItemProxy */;
		};
/* End PBXTargetDependency section */

/* Begin PBXVariantGroup section */
		C01461A220BE6BD20023EEB6 /* Main.storyboard */ = {
			isa = PBXVariantGroup;
			children = (
				C01461A320BE6BD20023EEB6 /* Base */,
				C0A9E28C2333E289007F45B9 /* en */,
				C0A9E2942333E29C007F45B9 /* zh-Hant */,
				C0A9E2982333E2AD007F45B9 /* zh-Hans */,
			);
			name = Main.storyboard;
			sourceTree = "<group>";
		};
		C01461A720BE6BD30023EEB6 /* LaunchScreen.storyboard */ = {
			isa = PBXVariantGroup;
			children = (
				C01461A820BE6BD30023EEB6 /* Base */,
			);
			name = LaunchScreen.storyboard;
			sourceTree = "<group>";
		};
		C0A9E28D2333E29C007F45B9 /* InfoPlist.strings */ = {
			isa = PBXVariantGroup;
			children = (
				C0A9E28E2333E29C007F45B9 /* zh-Hant */,
				C0A9E2952333E2AD007F45B9 /* zh-Hans */,
			);
			name = InfoPlist.strings;
			sourceTree = "<group>";
		};
		C0A9E2902333E29C007F45B9 /* Localizable.strings */ = {
			isa = PBXVariantGroup;
			children = (
				C0A9E2912333E29C007F45B9 /* zh-Hant */,
				C0A9E2962333E2AD007F45B9 /* zh-Hans */,
			);
			name = Localizable.strings;
			sourceTree = "<group>";
		};
		C0A9E29D2333E3C3007F45B9 /* Localizable.stringsdict */ = {
			isa = PBXVariantGroup;
			children = (
				C0A9E29C2333E3C3007F45B9 /* en */,
				C0A9E29E2333E3CC007F45B9 /* zh-Hant */,
				C0A9E29F2333E3CD007F45B9 /* zh-Hans */,
			);
			name = Localizable.stringsdict;
			sourceTree = "<group>";
		};
		C0ED626F2265B00100892A80 /* AlertAdController.xib */ = {
			isa = PBXVariantGroup;
			children = (
				C0ED62772265B0FC00892A80 /* Base */,
				C0A9E2932333E29C007F45B9 /* zh-Hant */,
				C0A9E2972333E2AD007F45B9 /* zh-Hans */,
			);
			name = AlertAdController.xib;
			sourceTree = "<group>";
		};
/* End PBXVariantGroup section */

/* Begin XCBuildConfiguration section */
		C01461C120BE6BD30023EEB6 /* Debug */ = {
			isa = XCBuildConfiguration;
			buildSettings = {
				ALWAYS_SEARCH_USER_PATHS = NO;
				CLANG_ANALYZER_LOCALIZABILITY_NONLOCALIZED = YES;
				CLANG_ANALYZER_NONNULL = YES;
				CLANG_ANALYZER_NUMBER_OBJECT_CONVERSION = YES_AGGRESSIVE;
				CLANG_CXX_LANGUAGE_STANDARD = "gnu++14";
				CLANG_CXX_LIBRARY = "libc++";
				CLANG_ENABLE_MODULES = YES;
				CLANG_ENABLE_OBJC_ARC = YES;
				CLANG_ENABLE_OBJC_WEAK = YES;
				CLANG_WARN_BLOCK_CAPTURE_AUTORELEASING = YES;
				CLANG_WARN_BOOL_CONVERSION = YES;
				CLANG_WARN_COMMA = YES;
				CLANG_WARN_CONSTANT_CONVERSION = YES;
				CLANG_WARN_DEPRECATED_OBJC_IMPLEMENTATIONS = YES;
				CLANG_WARN_DIRECT_OBJC_ISA_USAGE = YES_ERROR;
				CLANG_WARN_DOCUMENTATION_COMMENTS = YES;
				CLANG_WARN_EMPTY_BODY = YES;
				CLANG_WARN_ENUM_CONVERSION = YES;
				CLANG_WARN_INFINITE_RECURSION = YES;
				CLANG_WARN_INT_CONVERSION = YES;
				CLANG_WARN_NON_LITERAL_NULL_CONVERSION = YES;
				CLANG_WARN_OBJC_IMPLICIT_RETAIN_SELF = YES;
				CLANG_WARN_OBJC_LITERAL_CONVERSION = YES;
				CLANG_WARN_OBJC_ROOT_CLASS = YES_ERROR;
				CLANG_WARN_QUOTED_INCLUDE_IN_FRAMEWORK_HEADER = YES;
				CLANG_WARN_RANGE_LOOP_ANALYSIS = YES;
				CLANG_WARN_STRICT_PROTOTYPES = YES;
				CLANG_WARN_SUSPICIOUS_MOVE = YES;
				CLANG_WARN_UNGUARDED_AVAILABILITY = YES_AGGRESSIVE;
				CLANG_WARN_UNREACHABLE_CODE = YES;
				CLANG_WARN__DUPLICATE_METHOD_MATCH = YES;
				CODE_SIGN_IDENTITY = "iPhone Developer";
				COPY_PHASE_STRIP = NO;
				DEBUG_INFORMATION_FORMAT = dwarf;
				ENABLE_STRICT_OBJC_MSGSEND = YES;
				ENABLE_TESTABILITY = YES;
				GCC_C_LANGUAGE_STANDARD = gnu11;
				GCC_DYNAMIC_NO_PIC = NO;
				GCC_NO_COMMON_BLOCKS = YES;
				GCC_OPTIMIZATION_LEVEL = 0;
				GCC_PREPROCESSOR_DEFINITIONS = (
					"DEBUG=1",
					"$(inherited)",
				);
				GCC_WARN_64_TO_32_BIT_CONVERSION = YES;
				GCC_WARN_ABOUT_RETURN_TYPE = YES_ERROR;
				GCC_WARN_UNDECLARED_SELECTOR = YES;
				GCC_WARN_UNINITIALIZED_AUTOS = YES_AGGRESSIVE;
				GCC_WARN_UNUSED_FUNCTION = YES;
				GCC_WARN_UNUSED_VARIABLE = YES;
				IPHONEOS_DEPLOYMENT_TARGET = 12.0;
				MTL_ENABLE_DEBUG_INFO = YES;
				ONLY_ACTIVE_ARCH = YES;
				SDKROOT = iphoneos;
				SWIFT_ACTIVE_COMPILATION_CONDITIONS = DEBUG;
				SWIFT_OPTIMIZATION_LEVEL = "-Onone";
			};
			name = Debug;
		};
		C01461C220BE6BD30023EEB6 /* Release */ = {
			isa = XCBuildConfiguration;
			buildSettings = {
				ALWAYS_SEARCH_USER_PATHS = NO;
				CLANG_ANALYZER_LOCALIZABILITY_NONLOCALIZED = YES;
				CLANG_ANALYZER_NONNULL = YES;
				CLANG_ANALYZER_NUMBER_OBJECT_CONVERSION = YES_AGGRESSIVE;
				CLANG_CXX_LANGUAGE_STANDARD = "gnu++14";
				CLANG_CXX_LIBRARY = "libc++";
				CLANG_ENABLE_MODULES = YES;
				CLANG_ENABLE_OBJC_ARC = YES;
				CLANG_ENABLE_OBJC_WEAK = YES;
				CLANG_WARN_BLOCK_CAPTURE_AUTORELEASING = YES;
				CLANG_WARN_BOOL_CONVERSION = YES;
				CLANG_WARN_COMMA = YES;
				CLANG_WARN_CONSTANT_CONVERSION = YES;
				CLANG_WARN_DEPRECATED_OBJC_IMPLEMENTATIONS = YES;
				CLANG_WARN_DIRECT_OBJC_ISA_USAGE = YES_ERROR;
				CLANG_WARN_DOCUMENTATION_COMMENTS = YES;
				CLANG_WARN_EMPTY_BODY = YES;
				CLANG_WARN_ENUM_CONVERSION = YES;
				CLANG_WARN_INFINITE_RECURSION = YES;
				CLANG_WARN_INT_CONVERSION = YES;
				CLANG_WARN_NON_LITERAL_NULL_CONVERSION = YES;
				CLANG_WARN_OBJC_IMPLICIT_RETAIN_SELF = YES;
				CLANG_WARN_OBJC_LITERAL_CONVERSION = YES;
				CLANG_WARN_OBJC_ROOT_CLASS = YES_ERROR;
				CLANG_WARN_QUOTED_INCLUDE_IN_FRAMEWORK_HEADER = YES;
				CLANG_WARN_RANGE_LOOP_ANALYSIS = YES;
				CLANG_WARN_STRICT_PROTOTYPES = YES;
				CLANG_WARN_SUSPICIOUS_MOVE = YES;
				CLANG_WARN_UNGUARDED_AVAILABILITY = YES_AGGRESSIVE;
				CLANG_WARN_UNREACHABLE_CODE = YES;
				CLANG_WARN__DUPLICATE_METHOD_MATCH = YES;
				CODE_SIGN_IDENTITY = "iPhone Developer";
				COPY_PHASE_STRIP = NO;
				DEBUG_INFORMATION_FORMAT = "dwarf-with-dsym";
				ENABLE_NS_ASSERTIONS = NO;
				ENABLE_STRICT_OBJC_MSGSEND = YES;
				GCC_C_LANGUAGE_STANDARD = gnu11;
				GCC_NO_COMMON_BLOCKS = YES;
				GCC_WARN_64_TO_32_BIT_CONVERSION = YES;
				GCC_WARN_ABOUT_RETURN_TYPE = YES_ERROR;
				GCC_WARN_UNDECLARED_SELECTOR = YES;
				GCC_WARN_UNINITIALIZED_AUTOS = YES_AGGRESSIVE;
				GCC_WARN_UNUSED_FUNCTION = YES;
				GCC_WARN_UNUSED_VARIABLE = YES;
				IPHONEOS_DEPLOYMENT_TARGET = 12.0;
				MTL_ENABLE_DEBUG_INFO = NO;
				SDKROOT = iphoneos;
				SWIFT_COMPILATION_MODE = wholemodule;
				SWIFT_OPTIMIZATION_LEVEL = "-O";
				VALIDATE_PRODUCT = YES;
			};
			name = Release;
		};
		C01461C420BE6BD30023EEB6 /* Debug */ = {
			isa = XCBuildConfiguration;
			baseConfigurationReference = B56A471A41384F80BBF1F55C /* Pods-My1A2BGame.debug.xcconfig */;
			buildSettings = {
				ASSETCATALOG_COMPILER_APPICON_NAME = AppIcon;
				CLANG_ENABLE_MODULES = YES;
				CODE_SIGN_IDENTITY = "iPhone Developer";
				CODE_SIGN_STYLE = Automatic;
				CURRENT_PROJECT_VERSION = 2;
				DEVELOPMENT_TEAM = WN2BCRJWNR;
				INFOPLIST_FILE = My1A2BGame/Info.plist;
				IPHONEOS_DEPLOYMENT_TARGET = 12.0;
				LD_RUNPATH_SEARCH_PATHS = (
					"$(inherited)",
					"@executable_path/Frameworks",
				);
				MARKETING_VERSION = 2.3;
				PRODUCT_BUNDLE_IDENTIFIER = com.samsapplab.1a2bfun;
				PRODUCT_NAME = "$(TARGET_NAME)";
				PROVISIONING_PROFILE_SPECIFIER = "";
				SWIFT_OBJC_BRIDGING_HEADER = "My1A2BGame/Common/My1A2BGame-Bridging-Header.h";
				SWIFT_OPTIMIZATION_LEVEL = "-Onone";
				SWIFT_VERSION = 5.0;
				TARGETED_DEVICE_FAMILY = "1,2";
			};
			name = Debug;
		};
		C01461C520BE6BD30023EEB6 /* Release */ = {
			isa = XCBuildConfiguration;
			baseConfigurationReference = F9FAF4D352E36CA927CDC21C /* Pods-My1A2BGame.release.xcconfig */;
			buildSettings = {
				ASSETCATALOG_COMPILER_APPICON_NAME = AppIcon;
				CLANG_ENABLE_MODULES = YES;
				CODE_SIGN_IDENTITY = "iPhone Developer";
				CODE_SIGN_STYLE = Automatic;
				CURRENT_PROJECT_VERSION = 2;
				DEVELOPMENT_TEAM = WN2BCRJWNR;
				INFOPLIST_FILE = My1A2BGame/Info.plist;
				IPHONEOS_DEPLOYMENT_TARGET = 12.0;
				LD_RUNPATH_SEARCH_PATHS = (
					"$(inherited)",
					"@executable_path/Frameworks",
				);
				MARKETING_VERSION = 2.3;
				PRODUCT_BUNDLE_IDENTIFIER = com.samsapplab.1a2bfun;
				PRODUCT_NAME = "$(TARGET_NAME)";
				PROVISIONING_PROFILE = "";
				PROVISIONING_PROFILE_SPECIFIER = "";
				SWIFT_OBJC_BRIDGING_HEADER = "My1A2BGame/Common/My1A2BGame-Bridging-Header.h";
				SWIFT_VERSION = 5.0;
				TARGETED_DEVICE_FAMILY = "1,2";
			};
			name = Release;
		};
		C04C9E1E268D864D002BBDDC /* Debug */ = {
			isa = XCBuildConfiguration;
			buildSettings = {
				CODE_SIGN_STYLE = Automatic;
				DEVELOPMENT_TEAM = WN2BCRJWNR;
				INFOPLIST_FILE = My1A2BGameUITests/Info.plist;
				IPHONEOS_DEPLOYMENT_TARGET = 14.5;
				LD_RUNPATH_SEARCH_PATHS = (
					"$(inherited)",
					"@executable_path/Frameworks",
					"@loader_path/Frameworks",
				);
				MTL_ENABLE_DEBUG_INFO = INCLUDE_SOURCE;
				MTL_FAST_MATH = YES;
				PRODUCT_BUNDLE_IDENTIFIER = com.samsapplab.My1A2BGameUITests;
				PRODUCT_NAME = "$(TARGET_NAME)";
				SWIFT_VERSION = 5.0;
				TARGETED_DEVICE_FAMILY = "1,2";
				TEST_TARGET_NAME = My1A2BGame;
			};
			name = Debug;
		};
		C04C9E1F268D864D002BBDDC /* Release */ = {
			isa = XCBuildConfiguration;
			buildSettings = {
				CODE_SIGN_STYLE = Automatic;
				DEVELOPMENT_TEAM = WN2BCRJWNR;
				INFOPLIST_FILE = My1A2BGameUITests/Info.plist;
				IPHONEOS_DEPLOYMENT_TARGET = 14.5;
				LD_RUNPATH_SEARCH_PATHS = (
					"$(inherited)",
					"@executable_path/Frameworks",
					"@loader_path/Frameworks",
				);
				MTL_FAST_MATH = YES;
				PRODUCT_BUNDLE_IDENTIFIER = com.samsapplab.My1A2BGameUITests;
				PRODUCT_NAME = "$(TARGET_NAME)";
				SWIFT_VERSION = 5.0;
				TARGETED_DEVICE_FAMILY = "1,2";
				TEST_TARGET_NAME = My1A2BGame;
			};
			name = Release;
		};
		C07D1A6723BCDAEE00197857 /* Debug */ = {
			isa = XCBuildConfiguration;
			buildSettings = {
				BUNDLE_LOADER = "$(TEST_HOST)";
				CODE_SIGN_STYLE = Automatic;
				DEVELOPMENT_TEAM = WN2BCRJWNR;
				INFOPLIST_FILE = My1A2BGameTests/Info.plist;
				IPHONEOS_DEPLOYMENT_TARGET = 13.2;
				LD_RUNPATH_SEARCH_PATHS = (
					"$(inherited)",
					"@executable_path/Frameworks",
					"@loader_path/Frameworks",
				);
				MTL_ENABLE_DEBUG_INFO = INCLUDE_SOURCE;
				MTL_FAST_MATH = YES;
				PRODUCT_BUNDLE_IDENTIFIER = com.samsapplab.My1A2BGameTests;
				PRODUCT_NAME = "$(TARGET_NAME)";
				SWIFT_VERSION = 5.0;
				TARGETED_DEVICE_FAMILY = "1,2";
				TEST_HOST = "$(BUILT_PRODUCTS_DIR)/My1A2BGame.app/My1A2BGame";
			};
			name = Debug;
		};
		C07D1A6823BCDAEE00197857 /* Release */ = {
			isa = XCBuildConfiguration;
			buildSettings = {
				BUNDLE_LOADER = "$(TEST_HOST)";
				CODE_SIGN_STYLE = Automatic;
				DEVELOPMENT_TEAM = WN2BCRJWNR;
				INFOPLIST_FILE = My1A2BGameTests/Info.plist;
				IPHONEOS_DEPLOYMENT_TARGET = 13.2;
				LD_RUNPATH_SEARCH_PATHS = (
					"$(inherited)",
					"@executable_path/Frameworks",
					"@loader_path/Frameworks",
				);
				MTL_FAST_MATH = YES;
				PRODUCT_BUNDLE_IDENTIFIER = com.samsapplab.My1A2BGameTests;
				PRODUCT_NAME = "$(TARGET_NAME)";
				SWIFT_VERSION = 5.0;
				TARGETED_DEVICE_FAMILY = "1,2";
				TEST_HOST = "$(BUILT_PRODUCTS_DIR)/My1A2BGame.app/My1A2BGame";
			};
			name = Release;
		};
/* End XCBuildConfiguration section */

/* Begin XCConfigurationList section */
		C014619620BE6BD20023EEB6 /* Build configuration list for PBXProject "My1A2BGame" */ = {
			isa = XCConfigurationList;
			buildConfigurations = (
				C01461C120BE6BD30023EEB6 /* Debug */,
				C01461C220BE6BD30023EEB6 /* Release */,
			);
			defaultConfigurationIsVisible = 0;
			defaultConfigurationName = Release;
		};
		C01461C320BE6BD30023EEB6 /* Build configuration list for PBXNativeTarget "My1A2BGame" */ = {
			isa = XCConfigurationList;
			buildConfigurations = (
				C01461C420BE6BD30023EEB6 /* Debug */,
				C01461C520BE6BD30023EEB6 /* Release */,
			);
			defaultConfigurationIsVisible = 0;
			defaultConfigurationName = Release;
		};
		C04C9E20268D864D002BBDDC /* Build configuration list for PBXNativeTarget "My1A2BGameUITests" */ = {
			isa = XCConfigurationList;
			buildConfigurations = (
				C04C9E1E268D864D002BBDDC /* Debug */,
				C04C9E1F268D864D002BBDDC /* Release */,
			);
			defaultConfigurationIsVisible = 0;
			defaultConfigurationName = Release;
		};
		C07D1A6923BCDAEE00197857 /* Build configuration list for PBXNativeTarget "My1A2BGameTests" */ = {
			isa = XCConfigurationList;
			buildConfigurations = (
				C07D1A6723BCDAEE00197857 /* Debug */,
				C07D1A6823BCDAEE00197857 /* Release */,
			);
			defaultConfigurationIsVisible = 0;
			defaultConfigurationName = Release;
		};
/* End XCConfigurationList section */

/* Begin XCVersionGroup section */
		C03AF2D72331D7DB0032F9DA /* ModelAdvanced.xcdatamodeld */ = {
			isa = XCVersionGroup;
			children = (
				C03AF2D82331D7DB0032F9DA /* ModelAdvanced.xcdatamodel */,
			);
			currentVersion = C03AF2D82331D7DB0032F9DA /* ModelAdvanced.xcdatamodel */;
			path = ModelAdvanced.xcdatamodeld;
			sourceTree = "<group>";
			versionGroupType = wrapper.xcdatamodel;
		};
		C07575FF224A015E007A1F9E /* Model.xcdatamodeld */ = {
			isa = XCVersionGroup;
			children = (
				C0757600224A015E007A1F9E /* Model.xcdatamodel */,
			);
			currentVersion = C0757600224A015E007A1F9E /* Model.xcdatamodel */;
			path = Model.xcdatamodeld;
			sourceTree = "<group>";
			versionGroupType = wrapper.xcdatamodel;
		};
/* End XCVersionGroup section */
	};
	rootObject = C014619320BE6BD20023EEB6 /* Project object */;
}
