// !$*UTF8*$!
{
	archiveVersion = 1;
	classes = {
	};
	objectVersion = 50;
	objects = {

/* Begin PBXBuildFile section */
		93E77829D47411480CDF5502 /* Pods_My1A2BGameUITests.framework in Frameworks */ = {isa = PBXBuildFile; fileRef = 7D0D5F088E656F4E268961C3 /* Pods_My1A2BGameUITests.framework */; };
		C014619F20BE6BD20023EEB6 /* AppDelegate.swift in Sources */ = {isa = PBXBuildFile; fileRef = C014619E20BE6BD20023EEB6 /* AppDelegate.swift */; };
		C01461A120BE6BD20023EEB6 /* ViewController.swift in Sources */ = {isa = PBXBuildFile; fileRef = C01461A020BE6BD20023EEB6 /* ViewController.swift */; };
		C01461A420BE6BD20023EEB6 /* Main.storyboard in Resources */ = {isa = PBXBuildFile; fileRef = C01461A220BE6BD20023EEB6 /* Main.storyboard */; };
		C01461A620BE6BD30023EEB6 /* Assets.xcassets in Resources */ = {isa = PBXBuildFile; fileRef = C01461A520BE6BD30023EEB6 /* Assets.xcassets */; };
		C01461A920BE6BD30023EEB6 /* LaunchScreen.storyboard in Resources */ = {isa = PBXBuildFile; fileRef = C01461A720BE6BD30023EEB6 /* LaunchScreen.storyboard */; };
		C01461CD20BE770C0023EEB6 /* GuessNumberTableViewController.swift in Sources */ = {isa = PBXBuildFile; fileRef = C01461CC20BE770C0023EEB6 /* GuessNumberTableViewController.swift */; };
		C02B46DE20BF8BCA0097197F /* WinViewController.swift in Sources */ = {isa = PBXBuildFile; fileRef = C02B46DD20BF8BCA0097197F /* WinViewController.swift */; };
		C02F3DA020F45771001E4C1B /* TableViewController.swift in Sources */ = {isa = PBXBuildFile; fileRef = C02F3D9F20F45771001E4C1B /* TableViewController.swift */; };
		E6EA2FC522339ECDACABD265 /* Pods_My1A2BGame.framework in Frameworks */ = {isa = PBXBuildFile; fileRef = 6D7CCFCB7B09BDE27F8850A1 /* Pods_My1A2BGame.framework */; };
		F8D25772A3A649201E050993 /* Pods_My1A2BGameTests.framework in Frameworks */ = {isa = PBXBuildFile; fileRef = FFAD157B0B00C01EB96E1762 /* Pods_My1A2BGameTests.framework */; };
/* End PBXBuildFile section */

/* Begin PBXContainerItemProxy section */
		C01461B020BE6BD30023EEB6 /* PBXContainerItemProxy */ = {
			isa = PBXContainerItemProxy;
			containerPortal = C014619320BE6BD20023EEB6 /* Project object */;
			proxyType = 1;
			remoteGlobalIDString = C014619A20BE6BD20023EEB6;
			remoteInfo = My1A2BGame;
		};
		C01461BB20BE6BD30023EEB6 /* PBXContainerItemProxy */ = {
			isa = PBXContainerItemProxy;
			containerPortal = C014619320BE6BD20023EEB6 /* Project object */;
			proxyType = 1;
			remoteGlobalIDString = C014619A20BE6BD20023EEB6;
			remoteInfo = My1A2BGame;
		};
/* End PBXContainerItemProxy section */

/* Begin PBXFileReference section */
		237A18DEBF209DB359C2F93C /* Pods-My1A2BGameUITests.release.xcconfig */ = {isa = PBXFileReference; includeInIndex = 1; lastKnownFileType = text.xcconfig; name = "Pods-My1A2BGameUITests.release.xcconfig"; path = "Pods/Target Support Files/Pods-My1A2BGameUITests/Pods-My1A2BGameUITests.release.xcconfig"; sourceTree = "<group>"; };
		6D7CCFCB7B09BDE27F8850A1 /* Pods_My1A2BGame.framework */ = {isa = PBXFileReference; explicitFileType = wrapper.framework; includeInIndex = 0; path = Pods_My1A2BGame.framework; sourceTree = BUILT_PRODUCTS_DIR; };
		7D0D5F088E656F4E268961C3 /* Pods_My1A2BGameUITests.framework */ = {isa = PBXFileReference; explicitFileType = wrapper.framework; includeInIndex = 0; path = Pods_My1A2BGameUITests.framework; sourceTree = BUILT_PRODUCTS_DIR; };
		9BF1E3E6EA4430D225BA48FA /* Pods-My1A2BGameUITests.debug.xcconfig */ = {isa = PBXFileReference; includeInIndex = 1; lastKnownFileType = text.xcconfig; name = "Pods-My1A2BGameUITests.debug.xcconfig"; path = "Pods/Target Support Files/Pods-My1A2BGameUITests/Pods-My1A2BGameUITests.debug.xcconfig"; sourceTree = "<group>"; };
		B56A471A41384F80BBF1F55C /* Pods-My1A2BGame.debug.xcconfig */ = {isa = PBXFileReference; includeInIndex = 1; lastKnownFileType = text.xcconfig; name = "Pods-My1A2BGame.debug.xcconfig"; path = "Pods/Target Support Files/Pods-My1A2BGame/Pods-My1A2BGame.debug.xcconfig"; sourceTree = "<group>"; };
		C014619B20BE6BD20023EEB6 /* My1A2BGame.app */ = {isa = PBXFileReference; explicitFileType = wrapper.application; includeInIndex = 0; path = My1A2BGame.app; sourceTree = BUILT_PRODUCTS_DIR; };
		C014619E20BE6BD20023EEB6 /* AppDelegate.swift */ = {isa = PBXFileReference; lastKnownFileType = sourcecode.swift; path = AppDelegate.swift; sourceTree = "<group>"; };
		C01461A020BE6BD20023EEB6 /* ViewController.swift */ = {isa = PBXFileReference; lastKnownFileType = sourcecode.swift; path = ViewController.swift; sourceTree = "<group>"; };
		C01461A320BE6BD20023EEB6 /* Base */ = {isa = PBXFileReference; lastKnownFileType = file.storyboard; name = Base; path = Base.lproj/Main.storyboard; sourceTree = "<group>"; };
		C01461A520BE6BD30023EEB6 /* Assets.xcassets */ = {isa = PBXFileReference; lastKnownFileType = folder.assetcatalog; path = Assets.xcassets; sourceTree = "<group>"; };
		C01461A820BE6BD30023EEB6 /* Base */ = {isa = PBXFileReference; lastKnownFileType = file.storyboard; name = Base; path = Base.lproj/LaunchScreen.storyboard; sourceTree = "<group>"; };
		C01461AA20BE6BD30023EEB6 /* Info.plist */ = {isa = PBXFileReference; lastKnownFileType = text.plist.xml; path = Info.plist; sourceTree = "<group>"; };
		C01461AF20BE6BD30023EEB6 /* My1A2BGameTests.xctest */ = {isa = PBXFileReference; explicitFileType = wrapper.cfbundle; includeInIndex = 0; path = My1A2BGameTests.xctest; sourceTree = BUILT_PRODUCTS_DIR; };
		C01461BA20BE6BD30023EEB6 /* My1A2BGameUITests.xctest */ = {isa = PBXFileReference; explicitFileType = wrapper.cfbundle; includeInIndex = 0; path = My1A2BGameUITests.xctest; sourceTree = BUILT_PRODUCTS_DIR; };
		C01461CC20BE770C0023EEB6 /* GuessNumberTableViewController.swift */ = {isa = PBXFileReference; lastKnownFileType = sourcecode.swift; path = GuessNumberTableViewController.swift; sourceTree = "<group>"; };
		C02B46DD20BF8BCA0097197F /* WinViewController.swift */ = {isa = PBXFileReference; lastKnownFileType = sourcecode.swift; path = WinViewController.swift; sourceTree = "<group>"; };
		C02F3D9F20F45771001E4C1B /* TableViewController.swift */ = {isa = PBXFileReference; lastKnownFileType = sourcecode.swift; path = TableViewController.swift; sourceTree = "<group>"; };
		C0F6F26120F30A9D00ECA1F7 /* en */ = {isa = PBXFileReference; lastKnownFileType = text.plist.strings; name = en; path = en.lproj/Main.strings; sourceTree = "<group>"; };
		F67B031FF182F9535AC0E44F /* Pods-My1A2BGameTests.debug.xcconfig */ = {isa = PBXFileReference; includeInIndex = 1; lastKnownFileType = text.xcconfig; name = "Pods-My1A2BGameTests.debug.xcconfig"; path = "Pods/Target Support Files/Pods-My1A2BGameTests/Pods-My1A2BGameTests.debug.xcconfig"; sourceTree = "<group>"; };
		F9FAF4D352E36CA927CDC21C /* Pods-My1A2BGame.release.xcconfig */ = {isa = PBXFileReference; includeInIndex = 1; lastKnownFileType = text.xcconfig; name = "Pods-My1A2BGame.release.xcconfig"; path = "Pods/Target Support Files/Pods-My1A2BGame/Pods-My1A2BGame.release.xcconfig"; sourceTree = "<group>"; };
		FED992AD8D99E6385D411354 /* Pods-My1A2BGameTests.release.xcconfig */ = {isa = PBXFileReference; includeInIndex = 1; lastKnownFileType = text.xcconfig; name = "Pods-My1A2BGameTests.release.xcconfig"; path = "Pods/Target Support Files/Pods-My1A2BGameTests/Pods-My1A2BGameTests.release.xcconfig"; sourceTree = "<group>"; };
		FFAD157B0B00C01EB96E1762 /* Pods_My1A2BGameTests.framework */ = {isa = PBXFileReference; explicitFileType = wrapper.framework; includeInIndex = 0; path = Pods_My1A2BGameTests.framework; sourceTree = BUILT_PRODUCTS_DIR; };
/* End PBXFileReference section */

/* Begin PBXFrameworksBuildPhase section */
		C014619820BE6BD20023EEB6 /* Frameworks */ = {
			isa = PBXFrameworksBuildPhase;
			buildActionMask = 2147483647;
			files = (
				E6EA2FC522339ECDACABD265 /* Pods_My1A2BGame.framework in Frameworks */,
			);
			runOnlyForDeploymentPostprocessing = 0;
		};
		C01461AC20BE6BD30023EEB6 /* Frameworks */ = {
			isa = PBXFrameworksBuildPhase;
			buildActionMask = 2147483647;
			files = (
				F8D25772A3A649201E050993 /* Pods_My1A2BGameTests.framework in Frameworks */,
			);
			runOnlyForDeploymentPostprocessing = 0;
		};
		C01461B720BE6BD30023EEB6 /* Frameworks */ = {
			isa = PBXFrameworksBuildPhase;
			buildActionMask = 2147483647;
			files = (
				93E77829D47411480CDF5502 /* Pods_My1A2BGameUITests.framework in Frameworks */,
			);
			runOnlyForDeploymentPostprocessing = 0;
		};
/* End PBXFrameworksBuildPhase section */

/* Begin PBXGroup section */
		9C196D9CBE09E93AFDAA4377 /* Pods */ = {
			isa = PBXGroup;
			children = (
				B56A471A41384F80BBF1F55C /* Pods-My1A2BGame.debug.xcconfig */,
				F9FAF4D352E36CA927CDC21C /* Pods-My1A2BGame.release.xcconfig */,
				F67B031FF182F9535AC0E44F /* Pods-My1A2BGameTests.debug.xcconfig */,
				FED992AD8D99E6385D411354 /* Pods-My1A2BGameTests.release.xcconfig */,
				9BF1E3E6EA4430D225BA48FA /* Pods-My1A2BGameUITests.debug.xcconfig */,
				237A18DEBF209DB359C2F93C /* Pods-My1A2BGameUITests.release.xcconfig */,
			);
			name = Pods;
			sourceTree = "<group>";
		};
		C014619220BE6BD20023EEB6 = {
			isa = PBXGroup;
			children = (
				C014619D20BE6BD20023EEB6 /* My1A2BGame */,
				C014619C20BE6BD20023EEB6 /* Products */,
				9C196D9CBE09E93AFDAA4377 /* Pods */,
				C1ACF5BC0592EF53CC18CB7A /* Frameworks */,
			);
			sourceTree = "<group>";
		};
		C014619C20BE6BD20023EEB6 /* Products */ = {
			isa = PBXGroup;
			children = (
				C014619B20BE6BD20023EEB6 /* My1A2BGame.app */,
				C01461AF20BE6BD30023EEB6 /* My1A2BGameTests.xctest */,
				C01461BA20BE6BD30023EEB6 /* My1A2BGameUITests.xctest */,
			);
			name = Products;
			sourceTree = "<group>";
		};
		C014619D20BE6BD20023EEB6 /* My1A2BGame */ = {
			isa = PBXGroup;
			children = (
				C014619E20BE6BD20023EEB6 /* AppDelegate.swift */,
				C01461A020BE6BD20023EEB6 /* ViewController.swift */,
				C02F3D9F20F45771001E4C1B /* TableViewController.swift */,
				C01461CC20BE770C0023EEB6 /* GuessNumberTableViewController.swift */,
				C02B46DD20BF8BCA0097197F /* WinViewController.swift */,
				C01461A220BE6BD20023EEB6 /* Main.storyboard */,
				C01461A520BE6BD30023EEB6 /* Assets.xcassets */,
				C01461A720BE6BD30023EEB6 /* LaunchScreen.storyboard */,
				C01461AA20BE6BD30023EEB6 /* Info.plist */,
			);
			path = My1A2BGame;
			sourceTree = "<group>";
		};
		C1ACF5BC0592EF53CC18CB7A /* Frameworks */ = {
			isa = PBXGroup;
			children = (
				6D7CCFCB7B09BDE27F8850A1 /* Pods_My1A2BGame.framework */,
				FFAD157B0B00C01EB96E1762 /* Pods_My1A2BGameTests.framework */,
				7D0D5F088E656F4E268961C3 /* Pods_My1A2BGameUITests.framework */,
			);
			name = Frameworks;
			sourceTree = "<group>";
		};
/* End PBXGroup section */

/* Begin PBXNativeTarget section */
		C014619A20BE6BD20023EEB6 /* My1A2BGame */ = {
			isa = PBXNativeTarget;
			buildConfigurationList = C01461C320BE6BD30023EEB6 /* Build configuration list for PBXNativeTarget "My1A2BGame" */;
			buildPhases = (
				80B9F8DD66409876B3CD960E /* [CP] Check Pods Manifest.lock */,
				C014619720BE6BD20023EEB6 /* Sources */,
				C014619820BE6BD20023EEB6 /* Frameworks */,
				C014619920BE6BD20023EEB6 /* Resources */,
			);
			buildRules = (
			);
			dependencies = (
			);
			name = My1A2BGame;
			productName = My1A2BGame;
			productReference = C014619B20BE6BD20023EEB6 /* My1A2BGame.app */;
			productType = "com.apple.product-type.application";
		};
		C01461AE20BE6BD30023EEB6 /* My1A2BGameTests */ = {
			isa = PBXNativeTarget;
			buildConfigurationList = C01461C620BE6BD30023EEB6 /* Build configuration list for PBXNativeTarget "My1A2BGameTests" */;
			buildPhases = (
				CFDDAAB45A05E1A4C57F194B /* [CP] Check Pods Manifest.lock */,
				C01461AB20BE6BD30023EEB6 /* Sources */,
				C01461AC20BE6BD30023EEB6 /* Frameworks */,
				C01461AD20BE6BD30023EEB6 /* Resources */,
			);
			buildRules = (
			);
			dependencies = (
				C01461B120BE6BD30023EEB6 /* PBXTargetDependency */,
			);
			name = My1A2BGameTests;
			productName = My1A2BGameTests;
			productReference = C01461AF20BE6BD30023EEB6 /* My1A2BGameTests.xctest */;
			productType = "com.apple.product-type.bundle.unit-test";
		};
		C01461B920BE6BD30023EEB6 /* My1A2BGameUITests */ = {
			isa = PBXNativeTarget;
			buildConfigurationList = C01461C920BE6BD30023EEB6 /* Build configuration list for PBXNativeTarget "My1A2BGameUITests" */;
			buildPhases = (
				E4BFA50B66A983E6002DC081 /* [CP] Check Pods Manifest.lock */,
				C01461B620BE6BD30023EEB6 /* Sources */,
				C01461B720BE6BD30023EEB6 /* Frameworks */,
				C01461B820BE6BD30023EEB6 /* Resources */,
			);
			buildRules = (
			);
			dependencies = (
				C01461BC20BE6BD30023EEB6 /* PBXTargetDependency */,
			);
			name = My1A2BGameUITests;
			productName = My1A2BGameUITests;
			productReference = C01461BA20BE6BD30023EEB6 /* My1A2BGameUITests.xctest */;
			productType = "com.apple.product-type.bundle.ui-testing";
		};
/* End PBXNativeTarget section */

/* Begin PBXProject section */
		C014619320BE6BD20023EEB6 /* Project object */ = {
			isa = PBXProject;
			attributes = {
				LastSwiftUpdateCheck = 0930;
				LastUpgradeCheck = 0930;
				ORGANIZATIONNAME = "Ming-Ta Yang";
				TargetAttributes = {
					C014619A20BE6BD20023EEB6 = {
						CreatedOnToolsVersion = 9.3.1;
					};
					C01461AE20BE6BD30023EEB6 = {
						CreatedOnToolsVersion = 9.3.1;
						TestTargetID = C014619A20BE6BD20023EEB6;
					};
					C01461B920BE6BD30023EEB6 = {
						CreatedOnToolsVersion = 9.3.1;
						TestTargetID = C014619A20BE6BD20023EEB6;
					};
				};
			};
			buildConfigurationList = C014619620BE6BD20023EEB6 /* Build configuration list for PBXProject "My1A2BGame" */;
			compatibilityVersion = "Xcode 9.3";
			developmentRegion = en;
			hasScannedForEncodings = 0;
			knownRegions = (
				en,
				Base,
			);
			mainGroup = C014619220BE6BD20023EEB6;
			productRefGroup = C014619C20BE6BD20023EEB6 /* Products */;
			projectDirPath = "";
			projectRoot = "";
			targets = (
				C014619A20BE6BD20023EEB6 /* My1A2BGame */,
				C01461AE20BE6BD30023EEB6 /* My1A2BGameTests */,
				C01461B920BE6BD30023EEB6 /* My1A2BGameUITests */,
			);
		};
/* End PBXProject section */

/* Begin PBXResourcesBuildPhase section */
		C014619920BE6BD20023EEB6 /* Resources */ = {
			isa = PBXResourcesBuildPhase;
			buildActionMask = 2147483647;
			files = (
				C01461A920BE6BD30023EEB6 /* LaunchScreen.storyboard in Resources */,
				C01461A620BE6BD30023EEB6 /* Assets.xcassets in Resources */,
				C01461A420BE6BD20023EEB6 /* Main.storyboard in Resources */,
			);
			runOnlyForDeploymentPostprocessing = 0;
		};
		C01461AD20BE6BD30023EEB6 /* Resources */ = {
			isa = PBXResourcesBuildPhase;
			buildActionMask = 2147483647;
			files = (
			);
			runOnlyForDeploymentPostprocessing = 0;
		};
		C01461B820BE6BD30023EEB6 /* Resources */ = {
			isa = PBXResourcesBuildPhase;
			buildActionMask = 2147483647;
			files = (
			);
			runOnlyForDeploymentPostprocessing = 0;
		};
/* End PBXResourcesBuildPhase section */

/* Begin PBXShellScriptBuildPhase section */
		80B9F8DD66409876B3CD960E /* [CP] Check Pods Manifest.lock */ = {
			isa = PBXShellScriptBuildPhase;
			buildActionMask = 2147483647;
			files = (
			);
			inputPaths = (
				"${PODS_PODFILE_DIR_PATH}/Podfile.lock",
				"${PODS_ROOT}/Manifest.lock",
			);
			name = "[CP] Check Pods Manifest.lock";
			outputPaths = (
				"$(DERIVED_FILE_DIR)/Pods-My1A2BGame-checkManifestLockResult.txt",
			);
			runOnlyForDeploymentPostprocessing = 0;
			shellPath = /bin/sh;
			shellScript = "diff \"${PODS_PODFILE_DIR_PATH}/Podfile.lock\" \"${PODS_ROOT}/Manifest.lock\" > /dev/null\nif [ $? != 0 ] ; then\n    # print error to STDERR\n    echo \"error: The sandbox is not in sync with the Podfile.lock. Run 'pod install' or update your CocoaPods installation.\" >&2\n    exit 1\nfi\n# This output is used by Xcode 'outputs' to avoid re-running this script phase.\necho \"SUCCESS\" > \"${SCRIPT_OUTPUT_FILE_0}\"\n";
			showEnvVarsInLog = 0;
		};
		CFDDAAB45A05E1A4C57F194B /* [CP] Check Pods Manifest.lock */ = {
			isa = PBXShellScriptBuildPhase;
			buildActionMask = 2147483647;
			files = (
			);
			inputPaths = (
				"${PODS_PODFILE_DIR_PATH}/Podfile.lock",
				"${PODS_ROOT}/Manifest.lock",
			);
			name = "[CP] Check Pods Manifest.lock";
			outputPaths = (
				"$(DERIVED_FILE_DIR)/Pods-My1A2BGameTests-checkManifestLockResult.txt",
			);
			runOnlyForDeploymentPostprocessing = 0;
			shellPath = /bin/sh;
			shellScript = "diff \"${PODS_PODFILE_DIR_PATH}/Podfile.lock\" \"${PODS_ROOT}/Manifest.lock\" > /dev/null\nif [ $? != 0 ] ; then\n    # print error to STDERR\n    echo \"error: The sandbox is not in sync with the Podfile.lock. Run 'pod install' or update your CocoaPods installation.\" >&2\n    exit 1\nfi\n# This output is used by Xcode 'outputs' to avoid re-running this script phase.\necho \"SUCCESS\" > \"${SCRIPT_OUTPUT_FILE_0}\"\n";
			showEnvVarsInLog = 0;
		};
		E4BFA50B66A983E6002DC081 /* [CP] Check Pods Manifest.lock */ = {
			isa = PBXShellScriptBuildPhase;
			buildActionMask = 2147483647;
			files = (
			);
			inputPaths = (
				"${PODS_PODFILE_DIR_PATH}/Podfile.lock",
				"${PODS_ROOT}/Manifest.lock",
			);
			name = "[CP] Check Pods Manifest.lock";
			outputPaths = (
				"$(DERIVED_FILE_DIR)/Pods-My1A2BGameUITests-checkManifestLockResult.txt",
			);
			runOnlyForDeploymentPostprocessing = 0;
			shellPath = /bin/sh;
			shellScript = "diff \"${PODS_PODFILE_DIR_PATH}/Podfile.lock\" \"${PODS_ROOT}/Manifest.lock\" > /dev/null\nif [ $? != 0 ] ; then\n    # print error to STDERR\n    echo \"error: The sandbox is not in sync with the Podfile.lock. Run 'pod install' or update your CocoaPods installation.\" >&2\n    exit 1\nfi\n# This output is used by Xcode 'outputs' to avoid re-running this script phase.\necho \"SUCCESS\" > \"${SCRIPT_OUTPUT_FILE_0}\"\n";
			showEnvVarsInLog = 0;
		};
/* End PBXShellScriptBuildPhase section */

/* Begin PBXSourcesBuildPhase section */
		C014619720BE6BD20023EEB6 /* Sources */ = {
			isa = PBXSourcesBuildPhase;
			buildActionMask = 2147483647;
			files = (
				C01461A120BE6BD20023EEB6 /* ViewController.swift in Sources */,
				C01461CD20BE770C0023EEB6 /* GuessNumberTableViewController.swift in Sources */,
				C014619F20BE6BD20023EEB6 /* AppDelegate.swift in Sources */,
				C02F3DA020F45771001E4C1B /* TableViewController.swift in Sources */,
				C02B46DE20BF8BCA0097197F /* WinViewController.swift in Sources */,
			);
			runOnlyForDeploymentPostprocessing = 0;
		};
		C01461AB20BE6BD30023EEB6 /* Sources */ = {
			isa = PBXSourcesBuildPhase;
			buildActionMask = 2147483647;
			files = (
			);
			runOnlyForDeploymentPostprocessing = 0;
		};
		C01461B620BE6BD30023EEB6 /* Sources */ = {
			isa = PBXSourcesBuildPhase;
			buildActionMask = 2147483647;
			files = (
			);
			runOnlyForDeploymentPostprocessing = 0;
		};
/* End PBXSourcesBuildPhase section */

/* Begin PBXTargetDependency section */
		C01461B120BE6BD30023EEB6 /* PBXTargetDependency */ = {
			isa = PBXTargetDependency;
			target = C014619A20BE6BD20023EEB6 /* My1A2BGame */;
			targetProxy = C01461B020BE6BD30023EEB6 /* PBXContainerItemProxy */;
		};
		C01461BC20BE6BD30023EEB6 /* PBXTargetDependency */ = {
			isa = PBXTargetDependency;
			target = C014619A20BE6BD20023EEB6 /* My1A2BGame */;
			targetProxy = C01461BB20BE6BD30023EEB6 /* PBXContainerItemProxy */;
		};
/* End PBXTargetDependency section */

/* Begin PBXVariantGroup section */
		C01461A220BE6BD20023EEB6 /* Main.storyboard */ = {
			isa = PBXVariantGroup;
			children = (
				C01461A320BE6BD20023EEB6 /* Base */,
				C0F6F26120F30A9D00ECA1F7 /* en */,
			);
			name = Main.storyboard;
			sourceTree = "<group>";
		};
		C01461A720BE6BD30023EEB6 /* LaunchScreen.storyboard */ = {
			isa = PBXVariantGroup;
			children = (
				C01461A820BE6BD30023EEB6 /* Base */,
			);
			name = LaunchScreen.storyboard;
			sourceTree = "<group>";
		};
/* End PBXVariantGroup section */

/* Begin XCBuildConfiguration section */
		C01461C120BE6BD30023EEB6 /* Debug */ = {
			isa = XCBuildConfiguration;
			buildSettings = {
				ALWAYS_SEARCH_USER_PATHS = NO;
				CLANG_ANALYZER_NONNULL = YES;
				CLANG_ANALYZER_NUMBER_OBJECT_CONVERSION = YES_AGGRESSIVE;
				CLANG_CXX_LANGUAGE_STANDARD = "gnu++14";
				CLANG_CXX_LIBRARY = "libc++";
				CLANG_ENABLE_MODULES = YES;
				CLANG_ENABLE_OBJC_ARC = YES;
				CLANG_ENABLE_OBJC_WEAK = YES;
				CLANG_WARN_BLOCK_CAPTURE_AUTORELEASING = YES;
				CLANG_WARN_BOOL_CONVERSION = YES;
				CLANG_WARN_COMMA = YES;
				CLANG_WARN_CONSTANT_CONVERSION = YES;
				CLANG_WARN_DEPRECATED_OBJC_IMPLEMENTATIONS = YES;
				CLANG_WARN_DIRECT_OBJC_ISA_USAGE = YES_ERROR;
				CLANG_WARN_DOCUMENTATION_COMMENTS = YES;
				CLANG_WARN_EMPTY_BODY = YES;
				CLANG_WARN_ENUM_CONVERSION = YES;
				CLANG_WARN_INFINITE_RECURSION = YES;
				CLANG_WARN_INT_CONVERSION = YES;
				CLANG_WARN_NON_LITERAL_NULL_CONVERSION = YES;
				CLANG_WARN_OBJC_IMPLICIT_RETAIN_SELF = YES;
				CLANG_WARN_OBJC_LITERAL_CONVERSION = YES;
				CLANG_WARN_OBJC_ROOT_CLASS = YES_ERROR;
				CLANG_WARN_RANGE_LOOP_ANALYSIS = YES;
				CLANG_WARN_STRICT_PROTOTYPES = YES;
				CLANG_WARN_SUSPICIOUS_MOVE = YES;
				CLANG_WARN_UNGUARDED_AVAILABILITY = YES_AGGRESSIVE;
				CLANG_WARN_UNREACHABLE_CODE = YES;
				CLANG_WARN__DUPLICATE_METHOD_MATCH = YES;
				CODE_SIGN_IDENTITY = "iPhone Developer";
				COPY_PHASE_STRIP = NO;
				DEBUG_INFORMATION_FORMAT = dwarf;
				ENABLE_STRICT_OBJC_MSGSEND = YES;
				ENABLE_TESTABILITY = YES;
				GCC_C_LANGUAGE_STANDARD = gnu11;
				GCC_DYNAMIC_NO_PIC = NO;
				GCC_NO_COMMON_BLOCKS = YES;
				GCC_OPTIMIZATION_LEVEL = 0;
				GCC_PREPROCESSOR_DEFINITIONS = (
					"DEBUG=1",
					"$(inherited)",
				);
				GCC_WARN_64_TO_32_BIT_CONVERSION = YES;
				GCC_WARN_ABOUT_RETURN_TYPE = YES_ERROR;
				GCC_WARN_UNDECLARED_SELECTOR = YES;
				GCC_WARN_UNINITIALIZED_AUTOS = YES_AGGRESSIVE;
				GCC_WARN_UNUSED_FUNCTION = YES;
				GCC_WARN_UNUSED_VARIABLE = YES;
				IPHONEOS_DEPLOYMENT_TARGET = 11.3;
				MTL_ENABLE_DEBUG_INFO = YES;
				ONLY_ACTIVE_ARCH = YES;
				SDKROOT = iphoneos;
				SWIFT_ACTIVE_COMPILATION_CONDITIONS = DEBUG;
				SWIFT_OPTIMIZATION_LEVEL = "-Onone";
			};
			name = Debug;
		};
		C01461C220BE6BD30023EEB6 /* Release */ = {
			isa = XCBuildConfiguration;
			buildSettings = {
				ALWAYS_SEARCH_USER_PATHS = NO;
				CLANG_ANALYZER_NONNULL = YES;
				CLANG_ANALYZER_NUMBER_OBJECT_CONVERSION = YES_AGGRESSIVE;
				CLANG_CXX_LANGUAGE_STANDARD = "gnu++14";
				CLANG_CXX_LIBRARY = "libc++";
				CLANG_ENABLE_MODULES = YES;
				CLANG_ENABLE_OBJC_ARC = YES;
				CLANG_ENABLE_OBJC_WEAK = YES;
				CLANG_WARN_BLOCK_CAPTURE_AUTORELEASING = YES;
				CLANG_WARN_BOOL_CONVERSION = YES;
				CLANG_WARN_COMMA = YES;
				CLANG_WARN_CONSTANT_CONVERSION = YES;
				CLANG_WARN_DEPRECATED_OBJC_IMPLEMENTATIONS = YES;
				CLANG_WARN_DIRECT_OBJC_ISA_USAGE = YES_ERROR;
				CLANG_WARN_DOCUMENTATION_COMMENTS = YES;
				CLANG_WARN_EMPTY_BODY = YES;
				CLANG_WARN_ENUM_CONVERSION = YES;
				CLANG_WARN_INFINITE_RECURSION = YES;
				CLANG_WARN_INT_CONVERSION = YES;
				CLANG_WARN_NON_LITERAL_NULL_CONVERSION = YES;
				CLANG_WARN_OBJC_IMPLICIT_RETAIN_SELF = YES;
				CLANG_WARN_OBJC_LITERAL_CONVERSION = YES;
				CLANG_WARN_OBJC_ROOT_CLASS = YES_ERROR;
				CLANG_WARN_RANGE_LOOP_ANALYSIS = YES;
				CLANG_WARN_STRICT_PROTOTYPES = YES;
				CLANG_WARN_SUSPICIOUS_MOVE = YES;
				CLANG_WARN_UNGUARDED_AVAILABILITY = YES_AGGRESSIVE;
				CLANG_WARN_UNREACHABLE_CODE = YES;
				CLANG_WARN__DUPLICATE_METHOD_MATCH = YES;
				CODE_SIGN_IDENTITY = "iPhone Developer";
				COPY_PHASE_STRIP = NO;
				DEBUG_INFORMATION_FORMAT = "dwarf-with-dsym";
				ENABLE_NS_ASSERTIONS = NO;
				ENABLE_STRICT_OBJC_MSGSEND = YES;
				GCC_C_LANGUAGE_STANDARD = gnu11;
				GCC_NO_COMMON_BLOCKS = YES;
				GCC_WARN_64_TO_32_BIT_CONVERSION = YES;
				GCC_WARN_ABOUT_RETURN_TYPE = YES_ERROR;
				GCC_WARN_UNDECLARED_SELECTOR = YES;
				GCC_WARN_UNINITIALIZED_AUTOS = YES_AGGRESSIVE;
				GCC_WARN_UNUSED_FUNCTION = YES;
				GCC_WARN_UNUSED_VARIABLE = YES;
				IPHONEOS_DEPLOYMENT_TARGET = 11.3;
				MTL_ENABLE_DEBUG_INFO = NO;
				SDKROOT = iphoneos;
				SWIFT_COMPILATION_MODE = wholemodule;
				SWIFT_OPTIMIZATION_LEVEL = "-O";
				VALIDATE_PRODUCT = YES;
			};
			name = Release;
		};
		C01461C420BE6BD30023EEB6 /* Debug */ = {
			isa = XCBuildConfiguration;
			baseConfigurationReference = B56A471A41384F80BBF1F55C /* Pods-My1A2BGame.debug.xcconfig */;
			buildSettings = {
				ASSETCATALOG_COMPILER_APPICON_NAME = AppIcon;
				CODE_SIGN_STYLE = Automatic;
				DEVELOPMENT_TEAM = WN2BCRJWNR;
				INFOPLIST_FILE = My1A2BGame/Info.plist;
				IPHONEOS_DEPLOYMENT_TARGET = 10.3;
				LD_RUNPATH_SEARCH_PATHS = (
					"$(inherited)",
					"@executable_path/Frameworks",
				);
				PRODUCT_BUNDLE_IDENTIFIER = com.mingtayang.My1A2BGame;
				PRODUCT_NAME = "$(TARGET_NAME)";
				SWIFT_VERSION = 4.0;
				TARGETED_DEVICE_FAMILY = 1;
			};
			name = Debug;
		};
		C01461C520BE6BD30023EEB6 /* Release */ = {
			isa = XCBuildConfiguration;
			baseConfigurationReference = F9FAF4D352E36CA927CDC21C /* Pods-My1A2BGame.release.xcconfig */;
			buildSettings = {
				ASSETCATALOG_COMPILER_APPICON_NAME = AppIcon;
				CODE_SIGN_STYLE = Automatic;
				DEVELOPMENT_TEAM = WN2BCRJWNR;
				INFOPLIST_FILE = My1A2BGame/Info.plist;
				IPHONEOS_DEPLOYMENT_TARGET = 10.3;
				LD_RUNPATH_SEARCH_PATHS = (
					"$(inherited)",
					"@executable_path/Frameworks",
				);
				PRODUCT_BUNDLE_IDENTIFIER = com.mingtayang.My1A2BGame;
				PRODUCT_NAME = "$(TARGET_NAME)";
				SWIFT_VERSION = 4.0;
				TARGETED_DEVICE_FAMILY = 1;
			};
			name = Release;
		};
		C01461C720BE6BD30023EEB6 /* Debug */ = {
			isa = XCBuildConfiguration;
			baseConfigurationReference = F67B031FF182F9535AC0E44F /* Pods-My1A2BGameTests.debug.xcconfig */;
			buildSettings = {
				ALWAYS_EMBED_SWIFT_STANDARD_LIBRARIES = YES;
				BUNDLE_LOADER = "$(TEST_HOST)";
				CODE_SIGN_STYLE = Automatic;
				INFOPLIST_FILE = My1A2BGameTests/Info.plist;
				LD_RUNPATH_SEARCH_PATHS = (
					"$(inherited)",
					"@executable_path/Frameworks",
					"@loader_path/Frameworks",
				);
				PRODUCT_BUNDLE_IDENTIFIER = com.mingtayang.My1A2BGameTests;
				PRODUCT_NAME = "$(TARGET_NAME)";
				SWIFT_VERSION = 4.0;
				TARGETED_DEVICE_FAMILY = "1,2";
				TEST_HOST = "$(BUILT_PRODUCTS_DIR)/My1A2BGame.app/My1A2BGame";
			};
			name = Debug;
		};
		C01461C820BE6BD30023EEB6 /* Release */ = {
			isa = XCBuildConfiguration;
			baseConfigurationReference = FED992AD8D99E6385D411354 /* Pods-My1A2BGameTests.release.xcconfig */;
			buildSettings = {
				ALWAYS_EMBED_SWIFT_STANDARD_LIBRARIES = YES;
				BUNDLE_LOADER = "$(TEST_HOST)";
				CODE_SIGN_STYLE = Automatic;
				INFOPLIST_FILE = My1A2BGameTests/Info.plist;
				LD_RUNPATH_SEARCH_PATHS = (
					"$(inherited)",
					"@executable_path/Frameworks",
					"@loader_path/Frameworks",
				);
				PRODUCT_BUNDLE_IDENTIFIER = com.mingtayang.My1A2BGameTests;
				PRODUCT_NAME = "$(TARGET_NAME)";
				SWIFT_VERSION = 4.0;
				TARGETED_DEVICE_FAMILY = "1,2";
				TEST_HOST = "$(BUILT_PRODUCTS_DIR)/My1A2BGame.app/My1A2BGame";
			};
			name = Release;
		};
		C01461CA20BE6BD30023EEB6 /* Debug */ = {
			isa = XCBuildConfiguration;
			baseConfigurationReference = 9BF1E3E6EA4430D225BA48FA /* Pods-My1A2BGameUITests.debug.xcconfig */;
			buildSettings = {
				ALWAYS_EMBED_SWIFT_STANDARD_LIBRARIES = YES;
				CODE_SIGN_STYLE = Automatic;
				INFOPLIST_FILE = My1A2BGameUITests/Info.plist;
				LD_RUNPATH_SEARCH_PATHS = (
					"$(inherited)",
					"@executable_path/Frameworks",
					"@loader_path/Frameworks",
				);
				PRODUCT_BUNDLE_IDENTIFIER = com.mingtayang.My1A2BGameUITests;
				PRODUCT_NAME = "$(TARGET_NAME)";
				SWIFT_VERSION = 4.0;
				TARGETED_DEVICE_FAMILY = "1,2";
				TEST_TARGET_NAME = My1A2BGame;
			};
			name = Debug;
		};
		C01461CB20BE6BD30023EEB6 /* Release */ = {
			isa = XCBuildConfiguration;
			baseConfigurationReference = 237A18DEBF209DB359C2F93C /* Pods-My1A2BGameUITests.release.xcconfig */;
			buildSettings = {
				ALWAYS_EMBED_SWIFT_STANDARD_LIBRARIES = YES;
				CODE_SIGN_STYLE = Automatic;
				INFOPLIST_FILE = My1A2BGameUITests/Info.plist;
				LD_RUNPATH_SEARCH_PATHS = (
					"$(inherited)",
					"@executable_path/Frameworks",
					"@loader_path/Frameworks",
				);
				PRODUCT_BUNDLE_IDENTIFIER = com.mingtayang.My1A2BGameUITests;
				PRODUCT_NAME = "$(TARGET_NAME)";
				SWIFT_VERSION = 4.0;
				TARGETED_DEVICE_FAMILY = "1,2";
				TEST_TARGET_NAME = My1A2BGame;
			};
			name = Release;
		};
/* End XCBuildConfiguration section */

/* Begin XCConfigurationList section */
		C014619620BE6BD20023EEB6 /* Build configuration list for PBXProject "My1A2BGame" */ = {
			isa = XCConfigurationList;
			buildConfigurations = (
				C01461C120BE6BD30023EEB6 /* Debug */,
				C01461C220BE6BD30023EEB6 /* Release */,
			);
			defaultConfigurationIsVisible = 0;
			defaultConfigurationName = Release;
		};
		C01461C320BE6BD30023EEB6 /* Build configuration list for PBXNativeTarget "My1A2BGame" */ = {
			isa = XCConfigurationList;
			buildConfigurations = (
				C01461C420BE6BD30023EEB6 /* Debug */,
				C01461C520BE6BD30023EEB6 /* Release */,
			);
			defaultConfigurationIsVisible = 0;
			defaultConfigurationName = Release;
		};
		C01461C620BE6BD30023EEB6 /* Build configuration list for PBXNativeTarget "My1A2BGameTests" */ = {
			isa = XCConfigurationList;
			buildConfigurations = (
				C01461C720BE6BD30023EEB6 /* Debug */,
				C01461C820BE6BD30023EEB6 /* Release */,
			);
			defaultConfigurationIsVisible = 0;
			defaultConfigurationName = Release;
		};
		C01461C920BE6BD30023EEB6 /* Build configuration list for PBXNativeTarget "My1A2BGameUITests" */ = {
			isa = XCConfigurationList;
			buildConfigurations = (
				C01461CA20BE6BD30023EEB6 /* Debug */,
				C01461CB20BE6BD30023EEB6 /* Release */,
			);
			defaultConfigurationIsVisible = 0;
			defaultConfigurationName = Release;
		};
/* End XCConfigurationList section */
	};
	rootObject = C014619320BE6BD20023EEB6 /* Project object */;
}
